PODS:
  - DropDown (2.3.13)
  - NMapsGeometry (1.0.1)
  - NMapsMap (3.16.1):
    - NMapsGeometry

DEPENDENCIES:
  - DropDown
  - NMapsMap

SPEC REPOS:
  trunk:
    - DropDown
    - NMapsGeometry
    - NMapsMap

SPEC CHECKSUMS:
  DropDown: 8a2116376c1981888557f72ec2ffc9a5e0e456ec
  NMapsGeometry: 53c573ead66466681cf123f99f698dc8071a4b83
  NMapsMap: 926c3a303d381a24bec8da3cd6e198f50af93ae9

PODFILE CHECKSUM: 77353e2e807a4fc213dd84668b4633d1319f7641

COCOAPODS: 1.11.3
