// !$*UTF8*$!
{
	archiveVersion = 1;
	classes = {
	};
	objectVersion = 56;
	objects = {

/* Begin PBXBuildFile section */
		07120DF3296EDF6E00ABF98F /* Alamofire in Frameworks */ = {isa = PBXBuildFile; productRef = 07120DF2296EDF6E00ABF98F /* Alamofire */; };
		07120DF6296EDF7A00ABF98F /* SnapKit in Frameworks */ = {isa = PBXBuildFile; productRef = 07120DF5296EDF7A00ABF98F /* SnapKit */; };
		071E0541296BB7B50020282F /* AppDelegate.swift in Sources */ = {isa = PBXBuildFile; fileRef = 071E0540296BB7B50020282F /* AppDelegate.swift */; };
		071E0543296BB7B50020282F /* SceneDelegate.swift in Sources */ = {isa = PBXBuildFile; fileRef = 071E0542296BB7B50020282F /* SceneDelegate.swift */; };
		071E0545296BB7B50020282F /* ViewController.swift in Sources */ = {isa = PBXBuildFile; fileRef = 071E0544296BB7B50020282F /* ViewController.swift */; };
		071E054A296BB7B70020282F /* Assets.xcassets in Resources */ = {isa = PBXBuildFile; fileRef = 071E0549296BB7B70020282F /* Assets.xcassets */; };
		071E054D296BB7B70020282F /* LaunchScreen.storyboard in Resources */ = {isa = PBXBuildFile; fileRef = 071E054B296BB7B70020282F /* LaunchScreen.storyboard */; };
		0755755C296BFC3300B8AF77 /* LoginController.swift in Sources */ = {isa = PBXBuildFile; fileRef = 0755755B296BFC3300B8AF77 /* LoginController.swift */; };
		0755755F296BFC4B00B8AF77 /* RegisterationController.swift in Sources */ = {isa = PBXBuildFile; fileRef = 0755755E296BFC4B00B8AF77 /* RegisterationController.swift */; };
		07557561296BFC5900B8AF77 /* MainTabController.swift in Sources */ = {isa = PBXBuildFile; fileRef = 07557560296BFC5900B8AF77 /* MainTabController.swift */; };
		07557563296BFCD300B8AF77 /* EstateDetailCell.swift in Sources */ = {isa = PBXBuildFile; fileRef = 07557562296BFCD300B8AF77 /* EstateDetailCell.swift */; };
		0764F26B298642EF00F446CB /* SearchItemCell.swift in Sources */ = {isa = PBXBuildFile; fileRef = 0764F26A298642EF00F446CB /* SearchItemCell.swift */; };
		0764F26D2986653500F446CB /* AreaListModel.swift in Sources */ = {isa = PBXBuildFile; fileRef = 0764F26C2986653500F446CB /* AreaListModel.swift */; };
		0764F26F29866A6500F446CB /* APIToken.swift in Sources */ = {isa = PBXBuildFile; fileRef = 0764F26E29866A6500F446CB /* APIToken.swift */; };
		0783C0FA297034FA00EDABA3 /* EstateController.swift in Sources */ = {isa = PBXBuildFile; fileRef = 0783C0F9297034FA00EDABA3 /* EstateController.swift */; };
		0783C100297664D400EDABA3 /* EstateDetailController.swift in Sources */ = {isa = PBXBuildFile; fileRef = 0783C0FF297664D400EDABA3 /* EstateDetailController.swift */; };
		078666BC2980BF9B000ADCBE /* ReverseModel.swift in Sources */ = {isa = PBXBuildFile; fileRef = 078666BB2980BF9B000ADCBE /* ReverseModel.swift */; };
		078666BE2983844D000ADCBE /* GeocodingModel.swift in Sources */ = {isa = PBXBuildFile; fileRef = 078666BD2983844D000ADCBE /* GeocodingModel.swift */; };
		0791E9292984B395008BDEAB /* EstateSaleCell.swift in Sources */ = {isa = PBXBuildFile; fileRef = 0791E9282984B395008BDEAB /* EstateSaleCell.swift */; };
		8E910354CAD5238FB38C267D /* Pods_LGHTSG.framework in Frameworks */ = {isa = PBXBuildFile; fileRef = 1A81FE00F91FA41642246A20 /* Pods_LGHTSG.framework */; };
/* End PBXBuildFile section */

/* Begin PBXFileReference section */
		071E053D296BB7B50020282F /* LGHTSG.app */ = {isa = PBXFileReference; explicitFileType = wrapper.application; includeInIndex = 0; path = LGHTSG.app; sourceTree = BUILT_PRODUCTS_DIR; };
		071E0540296BB7B50020282F /* AppDelegate.swift */ = {isa = PBXFileReference; lastKnownFileType = sourcecode.swift; path = AppDelegate.swift; sourceTree = "<group>"; };
		071E0542296BB7B50020282F /* SceneDelegate.swift */ = {isa = PBXFileReference; lastKnownFileType = sourcecode.swift; path = SceneDelegate.swift; sourceTree = "<group>"; };
		071E0544296BB7B50020282F /* ViewController.swift */ = {isa = PBXFileReference; lastKnownFileType = sourcecode.swift; path = ViewController.swift; sourceTree = "<group>"; };
		071E0549296BB7B70020282F /* Assets.xcassets */ = {isa = PBXFileReference; lastKnownFileType = folder.assetcatalog; path = Assets.xcassets; sourceTree = "<group>"; };
		071E054C296BB7B70020282F /* Base */ = {isa = PBXFileReference; lastKnownFileType = file.storyboard; name = Base; path = Base.lproj/LaunchScreen.storyboard; sourceTree = "<group>"; };
		071E054E296BB7B70020282F /* Info.plist */ = {isa = PBXFileReference; lastKnownFileType = text.plist.xml; path = Info.plist; sourceTree = "<group>"; };
		0755755B296BFC3300B8AF77 /* LoginController.swift */ = {isa = PBXFileReference; lastKnownFileType = sourcecode.swift; path = LoginController.swift; sourceTree = "<group>"; };
		0755755E296BFC4B00B8AF77 /* RegisterationController.swift */ = {isa = PBXFileReference; lastKnownFileType = sourcecode.swift; path = RegisterationController.swift; sourceTree = "<group>"; };
		07557560296BFC5900B8AF77 /* MainTabController.swift */ = {isa = PBXFileReference; lastKnownFileType = sourcecode.swift; path = MainTabController.swift; sourceTree = "<group>"; };
		07557562296BFCD300B8AF77 /* EstateDetailCell.swift */ = {isa = PBXFileReference; lastKnownFileType = sourcecode.swift; path = EstateDetailCell.swift; sourceTree = "<group>"; };
		0764F26A298642EF00F446CB /* SearchItemCell.swift */ = {isa = PBXFileReference; lastKnownFileType = sourcecode.swift; path = SearchItemCell.swift; sourceTree = "<group>"; };
		0764F26C2986653500F446CB /* AreaListModel.swift */ = {isa = PBXFileReference; lastKnownFileType = sourcecode.swift; path = AreaListModel.swift; sourceTree = "<group>"; };
		0764F26E29866A6500F446CB /* APIToken.swift */ = {isa = PBXFileReference; lastKnownFileType = sourcecode.swift; path = APIToken.swift; sourceTree = "<group>"; };
		0783C0F9297034FA00EDABA3 /* EstateController.swift */ = {isa = PBXFileReference; lastKnownFileType = sourcecode.swift; path = EstateController.swift; sourceTree = "<group>"; };
		0783C0FF297664D400EDABA3 /* EstateDetailController.swift */ = {isa = PBXFileReference; lastKnownFileType = sourcecode.swift; path = EstateDetailController.swift; sourceTree = "<group>"; };
		078666BB2980BF9B000ADCBE /* ReverseModel.swift */ = {isa = PBXFileReference; lastKnownFileType = sourcecode.swift; path = ReverseModel.swift; sourceTree = "<group>"; };
		078666BD2983844D000ADCBE /* GeocodingModel.swift */ = {isa = PBXFileReference; lastKnownFileType = sourcecode.swift; path = GeocodingModel.swift; sourceTree = "<group>"; };
		0791E9282984B395008BDEAB /* EstateSaleCell.swift */ = {isa = PBXFileReference; lastKnownFileType = sourcecode.swift; path = EstateSaleCell.swift; sourceTree = "<group>"; };
		1A81FE00F91FA41642246A20 /* Pods_LGHTSG.framework */ = {isa = PBXFileReference; explicitFileType = wrapper.framework; includeInIndex = 0; path = Pods_LGHTSG.framework; sourceTree = BUILT_PRODUCTS_DIR; };
		6F7EA128F8EC33ED812CADCA /* Pods-LGHTSG.release.xcconfig */ = {isa = PBXFileReference; includeInIndex = 1; lastKnownFileType = text.xcconfig; name = "Pods-LGHTSG.release.xcconfig"; path = "Target Support Files/Pods-LGHTSG/Pods-LGHTSG.release.xcconfig"; sourceTree = "<group>"; };
		9154F7534146417B8EBDBECC /* Pods-LGHTSG.debug.xcconfig */ = {isa = PBXFileReference; includeInIndex = 1; lastKnownFileType = text.xcconfig; name = "Pods-LGHTSG.debug.xcconfig"; path = "Target Support Files/Pods-LGHTSG/Pods-LGHTSG.debug.xcconfig"; sourceTree = "<group>"; };
/* End PBXFileReference section */

/* Begin PBXFrameworksBuildPhase section */
		071E053A296BB7B50020282F /* Frameworks */ = {
			isa = PBXFrameworksBuildPhase;
			buildActionMask = 2147483647;
			files = (
				07120DF3296EDF6E00ABF98F /* Alamofire in Frameworks */,
				07120DF6296EDF7A00ABF98F /* SnapKit in Frameworks */,
				8E910354CAD5238FB38C267D /* Pods_LGHTSG.framework in Frameworks */,
			);
			runOnlyForDeploymentPostprocessing = 0;
		};
/* End PBXFrameworksBuildPhase section */

/* Begin PBXGroup section */
		071E0534296BB7B50020282F = {
			isa = PBXGroup;
			children = (
				071E053F296BB7B50020282F /* LGHTSG */,
				071E053E296BB7B50020282F /* Products */,
				2404E8AB30A4556E368D96E1 /* Pods */,
				A92EBC2846164898447CA9DD /* Frameworks */,
			);
			sourceTree = "<group>";
		};
		071E053E296BB7B50020282F /* Products */ = {
			isa = PBXGroup;
			children = (
				071E053D296BB7B50020282F /* LGHTSG.app */,
			);
			name = Products;
			sourceTree = "<group>";
		};
		071E053F296BB7B50020282F /* LGHTSG */ = {
			isa = PBXGroup;
			children = (
				071E0554296BB8210020282F /* Model */,
				071E0558296BB8510020282F /* View */,
				071E0556296BB8380020282F /* ViewModel */,
				071E055A296BB88B0020282F /* Controller */,
				071E0557296BB83F0020282F /* Network */,
				071E0555296BB82F0020282F /* App */,
				071E0544296BB7B50020282F /* ViewController.swift */,
				071E0549296BB7B70020282F /* Assets.xcassets */,
				071E054B296BB7B70020282F /* LaunchScreen.storyboard */,
				071E054E296BB7B70020282F /* Info.plist */,
				071E0559296BB86E0020282F /* Font */,
			);
			path = LGHTSG;
			sourceTree = "<group>";
		};
		071E0554296BB8210020282F /* Model */ = {
			isa = PBXGroup;
			children = (
				078666BB2980BF9B000ADCBE /* ReverseModel.swift */,
				078666BD2983844D000ADCBE /* GeocodingModel.swift */,
				0764F26C2986653500F446CB /* AreaListModel.swift */,
			);
			path = Model;
			sourceTree = "<group>";
		};
		071E0555296BB82F0020282F /* App */ = {
			isa = PBXGroup;
			children = (
				071E0540296BB7B50020282F /* AppDelegate.swift */,
				071E0542296BB7B50020282F /* SceneDelegate.swift */,
				0764F26E29866A6500F446CB /* APIToken.swift */,
			);
			path = App;
			sourceTree = "<group>";
		};
		071E0556296BB8380020282F /* ViewModel */ = {
			isa = PBXGroup;
			children = (
			);
			path = ViewModel;
			sourceTree = "<group>";
		};
		071E0557296BB83F0020282F /* Network */ = {
			isa = PBXGroup;
			children = (
			);
			path = Network;
			sourceTree = "<group>";
		};
		071E0558296BB8510020282F /* View */ = {
			isa = PBXGroup;
			children = (
				07557562296BFCD300B8AF77 /* EstateDetailCell.swift */,
				0791E9282984B395008BDEAB /* EstateSaleCell.swift */,
				0764F26A298642EF00F446CB /* SearchItemCell.swift */,
			);
			path = View;
			sourceTree = "<group>";
		};
		071E0559296BB86E0020282F /* Font */ = {
			isa = PBXGroup;
			children = (
			);
			path = Font;
			sourceTree = "<group>";
		};
		071E055A296BB88B0020282F /* Controller */ = {
			isa = PBXGroup;
			children = (
				0755755A296BFC2100B8AF77 /* Authentication */,
				07557560296BFC5900B8AF77 /* MainTabController.swift */,
				0783C0F9297034FA00EDABA3 /* EstateController.swift */,
				0783C0FF297664D400EDABA3 /* EstateDetailController.swift */,
			);
			path = Controller;
			sourceTree = "<group>";
		};
		0755755A296BFC2100B8AF77 /* Authentication */ = {
			isa = PBXGroup;
			children = (
				0755755B296BFC3300B8AF77 /* LoginController.swift */,
				0755755E296BFC4B00B8AF77 /* RegisterationController.swift */,
			);
			path = Authentication;
			sourceTree = "<group>";
		};
		2404E8AB30A4556E368D96E1 /* Pods */ = {
			isa = PBXGroup;
			children = (
				9154F7534146417B8EBDBECC /* Pods-LGHTSG.debug.xcconfig */,
				6F7EA128F8EC33ED812CADCA /* Pods-LGHTSG.release.xcconfig */,
			);
			path = Pods;
			sourceTree = "<group>";
		};
		A92EBC2846164898447CA9DD /* Frameworks */ = {
			isa = PBXGroup;
			children = (
				1A81FE00F91FA41642246A20 /* Pods_LGHTSG.framework */,
			);
			name = Frameworks;
			sourceTree = "<group>";
		};
/* End PBXGroup section */

/* Begin PBXNativeTarget section */
		071E053C296BB7B50020282F /* LGHTSG */ = {
			isa = PBXNativeTarget;
			buildConfigurationList = 071E0551296BB7B70020282F /* Build configuration list for PBXNativeTarget "LGHTSG" */;
			buildPhases = (
				43F0B9E20F9EB8270563F8FA /* [CP] Check Pods Manifest.lock */,
				071E0539296BB7B50020282F /* Sources */,
				071E053A296BB7B50020282F /* Frameworks */,
				071E053B296BB7B50020282F /* Resources */,
				CB391BDBD57F8098F230D808 /* [CP] Embed Pods Frameworks */,
			);
			buildRules = (
			);
			dependencies = (
			);
			name = LGHTSG;
			packageProductDependencies = (
				07120DF2296EDF6E00ABF98F /* Alamofire */,
				07120DF5296EDF7A00ABF98F /* SnapKit */,
			);
			productName = LGHTSG;
			productReference = 071E053D296BB7B50020282F /* LGHTSG.app */;
			productType = "com.apple.product-type.application";
		};
/* End PBXNativeTarget section */

/* Begin PBXProject section */
		071E0535296BB7B50020282F /* Project object */ = {
			isa = PBXProject;
			attributes = {
				BuildIndependentTargetsInParallel = 1;
				LastSwiftUpdateCheck = 1400;
				LastUpgradeCheck = 1400;
				TargetAttributes = {
					071E053C296BB7B50020282F = {
						CreatedOnToolsVersion = 14.0.1;
					};
				};
			};
			buildConfigurationList = 071E0538296BB7B50020282F /* Build configuration list for PBXProject "LGHTSG" */;
			compatibilityVersion = "Xcode 14.0";
			developmentRegion = en;
			hasScannedForEncodings = 0;
			knownRegions = (
				en,
				Base,
			);
			mainGroup = 071E0534296BB7B50020282F;
			packageReferences = (
				07120DF1296EDF6E00ABF98F /* XCRemoteSwiftPackageReference "Alamofire" */,
				07120DF4296EDF7A00ABF98F /* XCRemoteSwiftPackageReference "SnapKit" */,
			);
			productRefGroup = 071E053E296BB7B50020282F /* Products */;
			projectDirPath = "";
			projectRoot = "";
			targets = (
				071E053C296BB7B50020282F /* LGHTSG */,
			);
		};
/* End PBXProject section */

/* Begin PBXResourcesBuildPhase section */
		071E053B296BB7B50020282F /* Resources */ = {
			isa = PBXResourcesBuildPhase;
			buildActionMask = 2147483647;
			files = (
				071E054D296BB7B70020282F /* LaunchScreen.storyboard in Resources */,
				071E054A296BB7B70020282F /* Assets.xcassets in Resources */,
			);
			runOnlyForDeploymentPostprocessing = 0;
		};
/* End PBXResourcesBuildPhase section */

/* Begin PBXShellScriptBuildPhase section */
		43F0B9E20F9EB8270563F8FA /* [CP] Check Pods Manifest.lock */ = {
			isa = PBXShellScriptBuildPhase;
			buildActionMask = 2147483647;
			files = (
			);
			inputFileListPaths = (
			);
			inputPaths = (
				"${PODS_PODFILE_DIR_PATH}/Podfile.lock",
				"${PODS_ROOT}/Manifest.lock",
			);
			name = "[CP] Check Pods Manifest.lock";
			outputFileListPaths = (
			);
			outputPaths = (
				"$(DERIVED_FILE_DIR)/Pods-LGHTSG-checkManifestLockResult.txt",
			);
			runOnlyForDeploymentPostprocessing = 0;
			shellPath = /bin/sh;
			shellScript = "diff \"${PODS_PODFILE_DIR_PATH}/Podfile.lock\" \"${PODS_ROOT}/Manifest.lock\" > /dev/null\nif [ $? != 0 ] ; then\n    # print error to STDERR\n    echo \"error: The sandbox is not in sync with the Podfile.lock. Run 'pod install' or update your CocoaPods installation.\" >&2\n    exit 1\nfi\n# This output is used by Xcode 'outputs' to avoid re-running this script phase.\necho \"SUCCESS\" > \"${SCRIPT_OUTPUT_FILE_0}\"\n";
			showEnvVarsInLog = 0;
		};
		CB391BDBD57F8098F230D808 /* [CP] Embed Pods Frameworks */ = {
			isa = PBXShellScriptBuildPhase;
			buildActionMask = 2147483647;
			files = (
			);
			inputFileListPaths = (
				"${PODS_ROOT}/Target Support Files/Pods-LGHTSG/Pods-LGHTSG-frameworks-${CONFIGURATION}-input-files.xcfilelist",
			);
			name = "[CP] Embed Pods Frameworks";
			outputFileListPaths = (
				"${PODS_ROOT}/Target Support Files/Pods-LGHTSG/Pods-LGHTSG-frameworks-${CONFIGURATION}-output-files.xcfilelist",
			);
			runOnlyForDeploymentPostprocessing = 0;
			shellPath = /bin/sh;
			shellScript = "\"${PODS_ROOT}/Target Support Files/Pods-LGHTSG/Pods-LGHTSG-frameworks.sh\"\n";
			showEnvVarsInLog = 0;
		};
/* End PBXShellScriptBuildPhase section */

/* Begin PBXSourcesBuildPhase section */
		071E0539296BB7B50020282F /* Sources */ = {
			isa = PBXSourcesBuildPhase;
			buildActionMask = 2147483647;
			files = (
				0783C0FA297034FA00EDABA3 /* EstateController.swift in Sources */,
				0791E9292984B395008BDEAB /* EstateSaleCell.swift in Sources */,
				071E0545296BB7B50020282F /* ViewController.swift in Sources */,
				0783C100297664D400EDABA3 /* EstateDetailController.swift in Sources */,
				0755755C296BFC3300B8AF77 /* LoginController.swift in Sources */,
				0764F26B298642EF00F446CB /* SearchItemCell.swift in Sources */,
				07557563296BFCD300B8AF77 /* EstateDetailCell.swift in Sources */,
				07557561296BFC5900B8AF77 /* MainTabController.swift in Sources */,
				071E0541296BB7B50020282F /* AppDelegate.swift in Sources */,
				071E0543296BB7B50020282F /* SceneDelegate.swift in Sources */,
				0764F26F29866A6500F446CB /* APIToken.swift in Sources */,
				078666BC2980BF9B000ADCBE /* ReverseModel.swift in Sources */,
				078666BE2983844D000ADCBE /* GeocodingModel.swift in Sources */,
				0764F26D2986653500F446CB /* AreaListModel.swift in Sources */,
				0755755F296BFC4B00B8AF77 /* RegisterationController.swift in Sources */,
			);
			runOnlyForDeploymentPostprocessing = 0;
		};
/* End PBXSourcesBuildPhase section */

/* Begin PBXVariantGroup section */
		071E054B296BB7B70020282F /* LaunchScreen.storyboard */ = {
			isa = PBXVariantGroup;
			children = (
				071E054C296BB7B70020282F /* Base */,
			);
			name = LaunchScreen.storyboard;
			sourceTree = "<group>";
		};
/* End PBXVariantGroup section */

/* Begin XCBuildConfiguration section */
		071E054F296BB7B70020282F /* Debug */ = {
			isa = XCBuildConfiguration;
			buildSettings = {
				ALWAYS_SEARCH_USER_PATHS = NO;
				CLANG_ANALYZER_NONNULL = YES;
				CLANG_ANALYZER_NUMBER_OBJECT_CONVERSION = YES_AGGRESSIVE;
				CLANG_CXX_LANGUAGE_STANDARD = "gnu++20";
				CLANG_ENABLE_MODULES = YES;
				CLANG_ENABLE_OBJC_ARC = YES;
				CLANG_ENABLE_OBJC_WEAK = YES;
				CLANG_WARN_BLOCK_CAPTURE_AUTORELEASING = YES;
				CLANG_WARN_BOOL_CONVERSION = YES;
				CLANG_WARN_COMMA = YES;
				CLANG_WARN_CONSTANT_CONVERSION = YES;
				CLANG_WARN_DEPRECATED_OBJC_IMPLEMENTATIONS = YES;
				CLANG_WARN_DIRECT_OBJC_ISA_USAGE = YES_ERROR;
				CLANG_WARN_DOCUMENTATION_COMMENTS = YES;
				CLANG_WARN_EMPTY_BODY = YES;
				CLANG_WARN_ENUM_CONVERSION = YES;
				CLANG_WARN_INFINITE_RECURSION = YES;
				CLANG_WARN_INT_CONVERSION = YES;
				CLANG_WARN_NON_LITERAL_NULL_CONVERSION = YES;
				CLANG_WARN_OBJC_IMPLICIT_RETAIN_SELF = YES;
				CLANG_WARN_OBJC_LITERAL_CONVERSION = YES;
				CLANG_WARN_OBJC_ROOT_CLASS = YES_ERROR;
				CLANG_WARN_QUOTED_INCLUDE_IN_FRAMEWORK_HEADER = YES;
				CLANG_WARN_RANGE_LOOP_ANALYSIS = YES;
				CLANG_WARN_STRICT_PROTOTYPES = YES;
				CLANG_WARN_SUSPICIOUS_MOVE = YES;
				CLANG_WARN_UNGUARDED_AVAILABILITY = YES_AGGRESSIVE;
				CLANG_WARN_UNREACHABLE_CODE = YES;
				CLANG_WARN__DUPLICATE_METHOD_MATCH = YES;
				COPY_PHASE_STRIP = NO;
				DEBUG_INFORMATION_FORMAT = dwarf;
				ENABLE_STRICT_OBJC_MSGSEND = YES;
				ENABLE_TESTABILITY = YES;
				GCC_C_LANGUAGE_STANDARD = gnu11;
				GCC_DYNAMIC_NO_PIC = NO;
				GCC_NO_COMMON_BLOCKS = YES;
				GCC_OPTIMIZATION_LEVEL = 0;
				GCC_PREPROCESSOR_DEFINITIONS = (
					"DEBUG=1",
					"$(inherited)",
				);
				GCC_WARN_64_TO_32_BIT_CONVERSION = YES;
				GCC_WARN_ABOUT_RETURN_TYPE = YES_ERROR;
				GCC_WARN_UNDECLARED_SELECTOR = YES;
				GCC_WARN_UNINITIALIZED_AUTOS = YES_AGGRESSIVE;
				GCC_WARN_UNUSED_FUNCTION = YES;
				GCC_WARN_UNUSED_VARIABLE = YES;
				IPHONEOS_DEPLOYMENT_TARGET = 15.0;
				MTL_ENABLE_DEBUG_INFO = INCLUDE_SOURCE;
				MTL_FAST_MATH = YES;
				ONLY_ACTIVE_ARCH = YES;
				SDKROOT = iphoneos;
				SWIFT_ACTIVE_COMPILATION_CONDITIONS = DEBUG;
				SWIFT_OPTIMIZATION_LEVEL = "-Onone";
			};
			name = Debug;
		};
		071E0550296BB7B70020282F /* Release */ = {
			isa = XCBuildConfiguration;
			buildSettings = {
				ALWAYS_SEARCH_USER_PATHS = NO;
				CLANG_ANALYZER_NONNULL = YES;
				CLANG_ANALYZER_NUMBER_OBJECT_CONVERSION = YES_AGGRESSIVE;
				CLANG_CXX_LANGUAGE_STANDARD = "gnu++20";
				CLANG_ENABLE_MODULES = YES;
				CLANG_ENABLE_OBJC_ARC = YES;
				CLANG_ENABLE_OBJC_WEAK = YES;
				CLANG_WARN_BLOCK_CAPTURE_AUTORELEASING = YES;
				CLANG_WARN_BOOL_CONVERSION = YES;
				CLANG_WARN_COMMA = YES;
				CLANG_WARN_CONSTANT_CONVERSION = YES;
				CLANG_WARN_DEPRECATED_OBJC_IMPLEMENTATIONS = YES;
				CLANG_WARN_DIRECT_OBJC_ISA_USAGE = YES_ERROR;
				CLANG_WARN_DOCUMENTATION_COMMENTS = YES;
				CLANG_WARN_EMPTY_BODY = YES;
				CLANG_WARN_ENUM_CONVERSION = YES;
				CLANG_WARN_INFINITE_RECURSION = YES;
				CLANG_WARN_INT_CONVERSION = YES;
				CLANG_WARN_NON_LITERAL_NULL_CONVERSION = YES;
				CLANG_WARN_OBJC_IMPLICIT_RETAIN_SELF = YES;
				CLANG_WARN_OBJC_LITERAL_CONVERSION = YES;
				CLANG_WARN_OBJC_ROOT_CLASS = YES_ERROR;
				CLANG_WARN_QUOTED_INCLUDE_IN_FRAMEWORK_HEADER = YES;
				CLANG_WARN_RANGE_LOOP_ANALYSIS = YES;
				CLANG_WARN_STRICT_PROTOTYPES = YES;
				CLANG_WARN_SUSPICIOUS_MOVE = YES;
				CLANG_WARN_UNGUARDED_AVAILABILITY = YES_AGGRESSIVE;
				CLANG_WARN_UNREACHABLE_CODE = YES;
				CLANG_WARN__DUPLICATE_METHOD_MATCH = YES;
				COPY_PHASE_STRIP = NO;
				DEBUG_INFORMATION_FORMAT = "dwarf-with-dsym";
				ENABLE_NS_ASSERTIONS = NO;
				ENABLE_STRICT_OBJC_MSGSEND = YES;
				GCC_C_LANGUAGE_STANDARD = gnu11;
				GCC_NO_COMMON_BLOCKS = YES;
				GCC_WARN_64_TO_32_BIT_CONVERSION = YES;
				GCC_WARN_ABOUT_RETURN_TYPE = YES_ERROR;
				GCC_WARN_UNDECLARED_SELECTOR = YES;
				GCC_WARN_UNINITIALIZED_AUTOS = YES_AGGRESSIVE;
				GCC_WARN_UNUSED_FUNCTION = YES;
				GCC_WARN_UNUSED_VARIABLE = YES;
				IPHONEOS_DEPLOYMENT_TARGET = 15.0;
				MTL_ENABLE_DEBUG_INFO = NO;
				MTL_FAST_MATH = YES;
				SDKROOT = iphoneos;
				SWIFT_COMPILATION_MODE = wholemodule;
				SWIFT_OPTIMIZATION_LEVEL = "-O";
				VALIDATE_PRODUCT = YES;
			};
			name = Release;
		};
		071E0552296BB7B70020282F /* Debug */ = {
			isa = XCBuildConfiguration;
			baseConfigurationReference = 9154F7534146417B8EBDBECC /* Pods-LGHTSG.debug.xcconfig */;
			buildSettings = {
				ASSETCATALOG_COMPILER_APPICON_NAME = AppIcon;
				ASSETCATALOG_COMPILER_GLOBAL_ACCENT_COLOR_NAME = AccentColor;
				CODE_SIGN_STYLE = Automatic;
				CURRENT_PROJECT_VERSION = 1;
				DEVELOPMENT_TEAM = 2V279GTPCN;
				GENERATE_INFOPLIST_FILE = YES;
				INFOPLIST_FILE = LGHTSG/Info.plist;
				INFOPLIST_KEY_NSLocationWhenInUseUsageDescription = "위치 정보 제공을 허용합니까?";
				INFOPLIST_KEY_UIApplicationSupportsIndirectInputEvents = YES;
				INFOPLIST_KEY_UILaunchStoryboardName = LaunchScreen;
				INFOPLIST_KEY_UISupportedInterfaceOrientations_iPad = "UIInterfaceOrientationPortrait UIInterfaceOrientationPortraitUpsideDown UIInterfaceOrientationLandscapeLeft UIInterfaceOrientationLandscapeRight";
				INFOPLIST_KEY_UISupportedInterfaceOrientations_iPhone = "UIInterfaceOrientationPortrait UIInterfaceOrientationLandscapeLeft UIInterfaceOrientationLandscapeRight";
				IPHONEOS_DEPLOYMENT_TARGET = 15.0;
				LD_RUNPATH_SEARCH_PATHS = (
					"$(inherited)",
					"@executable_path/Frameworks",
				);
				MARKETING_VERSION = 1.0;
				PRODUCT_BUNDLE_IDENTIFIER = com.Ha.LGHTSG;
				PRODUCT_NAME = "$(TARGET_NAME)";
				SWIFT_EMIT_LOC_STRINGS = YES;
				SWIFT_VERSION = 5.0;
				TARGETED_DEVICE_FAMILY = "1,2";
			};
			name = Debug;
		};
		071E0553296BB7B70020282F /* Release */ = {
			isa = XCBuildConfiguration;
			baseConfigurationReference = 6F7EA128F8EC33ED812CADCA /* Pods-LGHTSG.release.xcconfig */;
			buildSettings = {
				ASSETCATALOG_COMPILER_APPICON_NAME = AppIcon;
				ASSETCATALOG_COMPILER_GLOBAL_ACCENT_COLOR_NAME = AccentColor;
				CODE_SIGN_STYLE = Automatic;
				CURRENT_PROJECT_VERSION = 1;
				DEVELOPMENT_TEAM = 2V279GTPCN;
				GENERATE_INFOPLIST_FILE = YES;
				INFOPLIST_FILE = LGHTSG/Info.plist;
				INFOPLIST_KEY_NSLocationWhenInUseUsageDescription = "위치 정보 제공을 허용합니까?";
				INFOPLIST_KEY_UIApplicationSupportsIndirectInputEvents = YES;
				INFOPLIST_KEY_UILaunchStoryboardName = LaunchScreen;
				INFOPLIST_KEY_UISupportedInterfaceOrientations_iPad = "UIInterfaceOrientationPortrait UIInterfaceOrientationPortraitUpsideDown UIInterfaceOrientationLandscapeLeft UIInterfaceOrientationLandscapeRight";
				INFOPLIST_KEY_UISupportedInterfaceOrientations_iPhone = "UIInterfaceOrientationPortrait UIInterfaceOrientationLandscapeLeft UIInterfaceOrientationLandscapeRight";
				IPHONEOS_DEPLOYMENT_TARGET = 15.0;
				LD_RUNPATH_SEARCH_PATHS = (
					"$(inherited)",
					"@executable_path/Frameworks",
				);
				MARKETING_VERSION = 1.0;
				PRODUCT_BUNDLE_IDENTIFIER = com.Ha.LGHTSG;
				PRODUCT_NAME = "$(TARGET_NAME)";
				SWIFT_EMIT_LOC_STRINGS = YES;
				SWIFT_VERSION = 5.0;
				TARGETED_DEVICE_FAMILY = "1,2";
			};
			name = Release;
		};
/* End XCBuildConfiguration section */

/* Begin XCConfigurationList section */
		071E0538296BB7B50020282F /* Build configuration list for PBXProject "LGHTSG" */ = {
			isa = XCConfigurationList;
			buildConfigurations = (
				071E054F296BB7B70020282F /* Debug */,
				071E0550296BB7B70020282F /* Release */,
			);
			defaultConfigurationIsVisible = 0;
			defaultConfigurationName = Release;
		};
		071E0551296BB7B70020282F /* Build configuration list for PBXNativeTarget "LGHTSG" */ = {
			isa = XCConfigurationList;
			buildConfigurations = (
				071E0552296BB7B70020282F /* Debug */,
				071E0553296BB7B70020282F /* Release */,
			);
			defaultConfigurationIsVisible = 0;
			defaultConfigurationName = Release;
		};
/* End XCConfigurationList section */

/* Begin XCRemoteSwiftPackageReference section */
		07120DF1296EDF6E00ABF98F /* XCRemoteSwiftPackageReference "Alamofire" */ = {
			isa = XCRemoteSwiftPackageReference;
			repositoryURL = "https://github.com/Alamofire/Alamofire.git";
			requirement = {
				kind = upToNextMajorVersion;
				minimumVersion = 5.0.0;
			};
		};
		07120DF4296EDF7A00ABF98F /* XCRemoteSwiftPackageReference "SnapKit" */ = {
			isa = XCRemoteSwiftPackageReference;
			repositoryURL = "https://github.com/SnapKit/SnapKit.git";
			requirement = {
				branch = develop;
				kind = branch;
			};
		};
/* End XCRemoteSwiftPackageReference section */

/* Begin XCSwiftPackageProductDependency section */
		07120DF2296EDF6E00ABF98F /* Alamofire */ = {
			isa = XCSwiftPackageProductDependency;
			package = 07120DF1296EDF6E00ABF98F /* XCRemoteSwiftPackageReference "Alamofire" */;
			productName = Alamofire;
		};
		07120DF5296EDF7A00ABF98F /* SnapKit */ = {
			isa = XCSwiftPackageProductDependency;
			package = 07120DF4296EDF7A00ABF98F /* XCRemoteSwiftPackageReference "SnapKit" */;
			productName = SnapKit;
		};
/* End XCSwiftPackageProductDependency section */
	};
	rootObject = 071E0535296BB7B50020282F /* Project object */;
}
