// !$*UTF8*$!
{
	archiveVersion = 1;
	classes = {
	};
	objectVersion = 56;
	objects = {

/* Begin PBXBuildFile section */
		07096561298B8E7000942281 /* NanumSquareB.ttf in Resources */ = {isa = PBXBuildFile; fileRef = 0709655E298B8E7000942281 /* NanumSquareB.ttf */; };
		07096562298B8E7000942281 /* NanumSquareEB.ttf in Resources */ = {isa = PBXBuildFile; fileRef = 0709655F298B8E7000942281 /* NanumSquareEB.ttf */; };
		07096563298B8E7000942281 /* NanumSquareR.ttf in Resources */ = {isa = PBXBuildFile; fileRef = 07096560298B8E7000942281 /* NanumSquareR.ttf */; };
		07120DF3296EDF6E00ABF98F /* Alamofire in Frameworks */ = {isa = PBXBuildFile; productRef = 07120DF2296EDF6E00ABF98F /* Alamofire */; };
		07120DF6296EDF7A00ABF98F /* SnapKit in Frameworks */ = {isa = PBXBuildFile; productRef = 07120DF5296EDF7A00ABF98F /* SnapKit */; };
		071E0541296BB7B50020282F /* AppDelegate.swift in Sources */ = {isa = PBXBuildFile; fileRef = 071E0540296BB7B50020282F /* AppDelegate.swift */; };
		071E0543296BB7B50020282F /* SceneDelegate.swift in Sources */ = {isa = PBXBuildFile; fileRef = 071E0542296BB7B50020282F /* SceneDelegate.swift */; };
		071E0545296BB7B50020282F /* ViewController.swift in Sources */ = {isa = PBXBuildFile; fileRef = 071E0544296BB7B50020282F /* ViewController.swift */; };
		071E054A296BB7B70020282F /* Assets.xcassets in Resources */ = {isa = PBXBuildFile; fileRef = 071E0549296BB7B70020282F /* Assets.xcassets */; };
		0755755C296BFC3300B8AF77 /* LoginController.swift in Sources */ = {isa = PBXBuildFile; fileRef = 0755755B296BFC3300B8AF77 /* LoginController.swift */; };
		0755755F296BFC4B00B8AF77 /* RegisterationController.swift in Sources */ = {isa = PBXBuildFile; fileRef = 0755755E296BFC4B00B8AF77 /* RegisterationController.swift */; };
		075BBA30298A78FC00710F44 /* EstateController.swift in Sources */ = {isa = PBXBuildFile; fileRef = 075BBA2F298A78FC00710F44 /* EstateController.swift */; };
		075BBA34298A79F500710F44 /* EstatePriceDetailModel.swift in Sources */ = {isa = PBXBuildFile; fileRef = 075BBA33298A79F500710F44 /* EstatePriceDetailModel.swift */; };
		075BBA3A298ACF1D00710F44 /* EstateSaleCell.swift in Sources */ = {isa = PBXBuildFile; fileRef = 075BBA39298ACF1D00710F44 /* EstateSaleCell.swift */; };
		0764F26B298642EF00F446CB /* SearchItemCell.swift in Sources */ = {isa = PBXBuildFile; fileRef = 0764F26A298642EF00F446CB /* SearchItemCell.swift */; };
		0764F26D2986653500F446CB /* AreaListModel.swift in Sources */ = {isa = PBXBuildFile; fileRef = 0764F26C2986653500F446CB /* AreaListModel.swift */; };
		0764F26F29866A6500F446CB /* APIToken.swift in Sources */ = {isa = PBXBuildFile; fileRef = 0764F26E29866A6500F446CB /* APIToken.swift */; };
		0764F2712987853600F446CB /* EstateModel.swift in Sources */ = {isa = PBXBuildFile; fileRef = 0764F2702987853600F446CB /* EstateModel.swift */; };
		0764F285298959C600F446CB /* TopViewCell.swift in Sources */ = {isa = PBXBuildFile; fileRef = 0764F284298959C600F446CB /* TopViewCell.swift */; };
		078401B6298A484800CDE061 /* MainTabController.swift in Sources */ = {isa = PBXBuildFile; fileRef = 078401AE298A484800CDE061 /* MainTabController.swift */; };
		078401B8298A484800CDE061 /* StockChartViewController.swift in Sources */ = {isa = PBXBuildFile; fileRef = 078401B0298A484800CDE061 /* StockChartViewController.swift */; };
		078401B9298A484800CDE061 /* ChartsModel.swift in Sources */ = {isa = PBXBuildFile; fileRef = 078401B1298A484800CDE061 /* ChartsModel.swift */; };
		078401BB298A484800CDE061 /* HomeViewController.swift in Sources */ = {isa = PBXBuildFile; fileRef = 078401B3298A484800CDE061 /* HomeViewController.swift */; };
		078401BC298A484800CDE061 /* ChartViewController.swift in Sources */ = {isa = PBXBuildFile; fileRef = 078401B4298A484800CDE061 /* ChartViewController.swift */; };
		078401BD298A484800CDE061 /* ExploreViewController.swift in Sources */ = {isa = PBXBuildFile; fileRef = 078401B5298A484800CDE061 /* ExploreViewController.swift */; };
		078401C2298A486300CDE061 /* realEstates.swift in Sources */ = {isa = PBXBuildFile; fileRef = 078401BE298A486300CDE061 /* realEstates.swift */; };
		078401C3298A486300CDE061 /* StockPrice.swift in Sources */ = {isa = PBXBuildFile; fileRef = 078401BF298A486300CDE061 /* StockPrice.swift */; };
		078401C4298A486300CDE061 /* ResellPrice.swift in Sources */ = {isa = PBXBuildFile; fileRef = 078401C0298A486300CDE061 /* ResellPrice.swift */; };
		078401C5298A486300CDE061 /* EstatePriceModel.swift in Sources */ = {isa = PBXBuildFile; fileRef = 078401C1298A486300CDE061 /* EstatePriceModel.swift */; };
		078401C7298A496B00CDE061 /* LaunchScreen.storyboard in Resources */ = {isa = PBXBuildFile; fileRef = 078401C6298A496B00CDE061 /* LaunchScreen.storyboard */; };
		078401CC298A49D500CDE061 /* StockView.swift in Sources */ = {isa = PBXBuildFile; fileRef = 078401C9298A49D500CDE061 /* StockView.swift */; };
		078401CD298A49D500CDE061 /* EstateDetailCell.swift in Sources */ = {isa = PBXBuildFile; fileRef = 078401CA298A49D500CDE061 /* EstateDetailCell.swift */; };
		078401CE298A49D500CDE061 /* resellView.swift in Sources */ = {isa = PBXBuildFile; fileRef = 078401CB298A49D500CDE061 /* resellView.swift */; };
		078401DA298A49E300CDE061 /* ChartMarker.swift in Sources */ = {isa = PBXBuildFile; fileRef = 078401D0298A49E200CDE061 /* ChartMarker.swift */; };
		078401DB298A49E300CDE061 /* asset.swift in Sources */ = {isa = PBXBuildFile; fileRef = 078401D1298A49E200CDE061 /* asset.swift */; };
		078401DD298A49E300CDE061 /* StockDateSegmentControl.swift in Sources */ = {isa = PBXBuildFile; fileRef = 078401D3298A49E200CDE061 /* StockDateSegmentControl.swift */; };
		078401DE298A49E300CDE061 /* UnderlineSegmentedControl.swift in Sources */ = {isa = PBXBuildFile; fileRef = 078401D4298A49E300CDE061 /* UnderlineSegmentedControl.swift */; };
		078401DF298A49E300CDE061 /* AssetModel.swift in Sources */ = {isa = PBXBuildFile; fileRef = 078401D5298A49E300CDE061 /* AssetModel.swift */; };
		078401E1298A49E300CDE061 /* HomeTableCell.swift in Sources */ = {isa = PBXBuildFile; fileRef = 078401D7298A49E300CDE061 /* HomeTableCell.swift */; };
		078401E3298A49E300CDE061 /* UnderlineView.swift in Sources */ = {isa = PBXBuildFile; fileRef = 078401D9298A49E300CDE061 /* UnderlineView.swift */; };
		078401E6298A4B2D00CDE061 /* StockPriceModel.swift in Sources */ = {isa = PBXBuildFile; fileRef = 078401E4298A4B2C00CDE061 /* StockPriceModel.swift */; };
		078401E7298A4B2D00CDE061 /* TableCellModel.swift in Sources */ = {isa = PBXBuildFile; fileRef = 078401E5298A4B2D00CDE061 /* TableCellModel.swift */; };
		078401E9298A4C2600CDE061 /* TopViewController.swift in Sources */ = {isa = PBXBuildFile; fileRef = 078401E8298A4C2500CDE061 /* TopViewController.swift */; };
		078666BC2980BF9B000ADCBE /* ReverseModel.swift in Sources */ = {isa = PBXBuildFile; fileRef = 078666BB2980BF9B000ADCBE /* ReverseModel.swift */; };
		078666BE2983844D000ADCBE /* GeocodingModel.swift in Sources */ = {isa = PBXBuildFile; fileRef = 078666BD2983844D000ADCBE /* GeocodingModel.swift */; };
		8E910354CAD5238FB38C267D /* Pods_LGHTSG.framework in Frameworks */ = {isa = PBXBuildFile; fileRef = 1A81FE00F91FA41642246A20 /* Pods_LGHTSG.framework */; };
		F0E4F818298C14E8008B8A48 /* myasset.swift in Sources */ = {isa = PBXBuildFile; fileRef = F0E4F817298C14E8008B8A48 /* myasset.swift */; };
		F5DAEC00298AD1FA0098A11A /* login.swift in Sources */ = {isa = PBXBuildFile; fileRef = F5DAEBFF298AD1FA0098A11A /* login.swift */; };
		F5DAEC02298AD2050098A11A /* email.swift in Sources */ = {isa = PBXBuildFile; fileRef = F5DAEC01298AD2050098A11A /* email.swift */; };
		F5DAEC04298AD20E0098A11A /* join.swift in Sources */ = {isa = PBXBuildFile; fileRef = F5DAEC03298AD20E0098A11A /* join.swift */; };
		F5DAEC06298AD2180098A11A /* changePw.swift in Sources */ = {isa = PBXBuildFile; fileRef = F5DAEC05298AD2180098A11A /* changePw.swift */; };
		F5DAEC08298AD22A0098A11A /* user.swift in Sources */ = {isa = PBXBuildFile; fileRef = F5DAEC07298AD22A0098A11A /* user.swift */; };
		F5DAEC0A298AD23D0098A11A /* LoginResultModel.swift in Sources */ = {isa = PBXBuildFile; fileRef = F5DAEC09298AD23D0098A11A /* LoginResultModel.swift */; };
		F5DAEC0F298AD2850098A11A /* RegisterView.swift in Sources */ = {isa = PBXBuildFile; fileRef = F5DAEC0E298AD2850098A11A /* RegisterView.swift */; };
		F5DAEC11298AD2910098A11A /* JoinSuccessView.swift in Sources */ = {isa = PBXBuildFile; fileRef = F5DAEC10298AD2910098A11A /* JoinSuccessView.swift */; };
		F5DAEC14298AD2A30098A11A /* CheckAgreeView.swift in Sources */ = {isa = PBXBuildFile; fileRef = F5DAEC13298AD2A30098A11A /* CheckAgreeView.swift */; };
		F5DAEC16298AD2AC0098A11A /* CheckPageServiceView.swift in Sources */ = {isa = PBXBuildFile; fileRef = F5DAEC15298AD2AC0098A11A /* CheckPageServiceView.swift */; };
		F5DAEC18298AD2B60098A11A /* CheckPagePrivacyView.swift in Sources */ = {isa = PBXBuildFile; fileRef = F5DAEC17298AD2B60098A11A /* CheckPagePrivacyView.swift */; };
		F5DAEC1A298AD2C40098A11A /* CheckPageMarketingView.swift in Sources */ = {isa = PBXBuildFile; fileRef = F5DAEC19298AD2C40098A11A /* CheckPageMarketingView.swift */; };
		F5DAEC1C298AD2F70098A11A /* LoginView.swift in Sources */ = {isa = PBXBuildFile; fileRef = F5DAEC1B298AD2F70098A11A /* LoginView.swift */; };
		F5DAEC1E298AD3080098A11A /* StartView.swift in Sources */ = {isa = PBXBuildFile; fileRef = F5DAEC1D298AD3080098A11A /* StartView.swift */; };
		F5DAEC20298AD31E0098A11A /* FindPwView.swift in Sources */ = {isa = PBXBuildFile; fileRef = F5DAEC1F298AD31E0098A11A /* FindPwView.swift */; };
		F5DAEC22298AD3320098A11A /* MyPageView.swift in Sources */ = {isa = PBXBuildFile; fileRef = F5DAEC21298AD3320098A11A /* MyPageView.swift */; };
		F5DAEC25298AD3620098A11A /* LoginApiModel.swift in Sources */ = {isa = PBXBuildFile; fileRef = F5DAEC24298AD3620098A11A /* LoginApiModel.swift */; };
		F5DAEC27298AD36A0098A11A /* LoginApiHeaderModel.swift in Sources */ = {isa = PBXBuildFile; fileRef = F5DAEC26298AD36A0098A11A /* LoginApiHeaderModel.swift */; };
		F5DAEC2A298AD39C0098A11A /* emailApiModel.swift in Sources */ = {isa = PBXBuildFile; fileRef = F5DAEC29298AD39C0098A11A /* emailApiModel.swift */; };
		F5DAEC2C298AD3A40098A11A /* JoinApiModel.swift in Sources */ = {isa = PBXBuildFile; fileRef = F5DAEC2B298AD3A40098A11A /* JoinApiModel.swift */; };
		F5DAEC2E298AD3AC0098A11A /* ChangePwModel.swift in Sources */ = {isa = PBXBuildFile; fileRef = F5DAEC2D298AD3AC0098A11A /* ChangePwModel.swift */; };
		F5DAEC30298AD3FA0098A11A /* RegisterationSuccessController.swift in Sources */ = {isa = PBXBuildFile; fileRef = F5DAEC2F298AD3FA0098A11A /* RegisterationSuccessController.swift */; };
		F5DAEC32298AD40C0098A11A /* FindPasswordController.swift in Sources */ = {isa = PBXBuildFile; fileRef = F5DAEC31298AD40C0098A11A /* FindPasswordController.swift */; };
		F5DAEC34298AD41F0098A11A /* MyPageViewController.swift in Sources */ = {isa = PBXBuildFile; fileRef = F5DAEC33298AD41F0098A11A /* MyPageViewController.swift */; };
		F5DAEC37298AD4570098A11A /* CheckAgreeController.swift in Sources */ = {isa = PBXBuildFile; fileRef = F5DAEC36298AD4570098A11A /* CheckAgreeController.swift */; };
		F5DAEC39298AD4620098A11A /* CheckPageMarketingController.swift in Sources */ = {isa = PBXBuildFile; fileRef = F5DAEC38298AD4620098A11A /* CheckPageMarketingController.swift */; };
		F5DAEC3B298AD46B0098A11A /* CheckPageServiceController.swift in Sources */ = {isa = PBXBuildFile; fileRef = F5DAEC3A298AD46B0098A11A /* CheckPageServiceController.swift */; };
		F5DAEC3D298AD47A0098A11A /* CheckPagePrivacyController.swift in Sources */ = {isa = PBXBuildFile; fileRef = F5DAEC3C298AD47A0098A11A /* CheckPagePrivacyController.swift */; };
/* End PBXBuildFile section */

/* Begin PBXFileReference section */
		0709655E298B8E7000942281 /* NanumSquareB.ttf */ = {isa = PBXFileReference; lastKnownFileType = file; path = NanumSquareB.ttf; sourceTree = "<group>"; };
		0709655F298B8E7000942281 /* NanumSquareEB.ttf */ = {isa = PBXFileReference; lastKnownFileType = file; path = NanumSquareEB.ttf; sourceTree = "<group>"; };
		07096560298B8E7000942281 /* NanumSquareR.ttf */ = {isa = PBXFileReference; lastKnownFileType = file; path = NanumSquareR.ttf; sourceTree = "<group>"; };
		071E053D296BB7B50020282F /* LGHTSG.app */ = {isa = PBXFileReference; explicitFileType = wrapper.application; includeInIndex = 0; path = LGHTSG.app; sourceTree = BUILT_PRODUCTS_DIR; };
		071E0540296BB7B50020282F /* AppDelegate.swift */ = {isa = PBXFileReference; lastKnownFileType = sourcecode.swift; path = AppDelegate.swift; sourceTree = "<group>"; };
		071E0542296BB7B50020282F /* SceneDelegate.swift */ = {isa = PBXFileReference; lastKnownFileType = sourcecode.swift; path = SceneDelegate.swift; sourceTree = "<group>"; };
		071E0544296BB7B50020282F /* ViewController.swift */ = {isa = PBXFileReference; lastKnownFileType = sourcecode.swift; path = ViewController.swift; sourceTree = "<group>"; };
		071E0549296BB7B70020282F /* Assets.xcassets */ = {isa = PBXFileReference; lastKnownFileType = folder.assetcatalog; path = Assets.xcassets; sourceTree = "<group>"; };
		071E054E296BB7B70020282F /* Info.plist */ = {isa = PBXFileReference; lastKnownFileType = text.plist.xml; path = Info.plist; sourceTree = "<group>"; };
		0755755B296BFC3300B8AF77 /* LoginController.swift */ = {isa = PBXFileReference; lastKnownFileType = sourcecode.swift; path = LoginController.swift; sourceTree = "<group>"; };
		0755755E296BFC4B00B8AF77 /* RegisterationController.swift */ = {isa = PBXFileReference; lastKnownFileType = sourcecode.swift; path = RegisterationController.swift; sourceTree = "<group>"; };
		075BBA2F298A78FC00710F44 /* EstateController.swift */ = {isa = PBXFileReference; fileEncoding = 4; lastKnownFileType = sourcecode.swift; path = EstateController.swift; sourceTree = "<group>"; };
		075BBA33298A79F500710F44 /* EstatePriceDetailModel.swift */ = {isa = PBXFileReference; lastKnownFileType = sourcecode.swift; path = EstatePriceDetailModel.swift; sourceTree = "<group>"; };
		075BBA39298ACF1D00710F44 /* EstateSaleCell.swift */ = {isa = PBXFileReference; fileEncoding = 4; lastKnownFileType = sourcecode.swift; path = EstateSaleCell.swift; sourceTree = "<group>"; };
		0764F26A298642EF00F446CB /* SearchItemCell.swift */ = {isa = PBXFileReference; lastKnownFileType = sourcecode.swift; path = SearchItemCell.swift; sourceTree = "<group>"; };
		0764F26C2986653500F446CB /* AreaListModel.swift */ = {isa = PBXFileReference; lastKnownFileType = sourcecode.swift; path = AreaListModel.swift; sourceTree = "<group>"; };
		0764F26E29866A6500F446CB /* APIToken.swift */ = {isa = PBXFileReference; lastKnownFileType = sourcecode.swift; path = APIToken.swift; sourceTree = "<group>"; };
		0764F2702987853600F446CB /* EstateModel.swift */ = {isa = PBXFileReference; lastKnownFileType = sourcecode.swift; path = EstateModel.swift; sourceTree = "<group>"; };
		0764F284298959C600F446CB /* TopViewCell.swift */ = {isa = PBXFileReference; lastKnownFileType = sourcecode.swift; path = TopViewCell.swift; sourceTree = "<group>"; };
		078401AE298A484800CDE061 /* MainTabController.swift */ = {isa = PBXFileReference; fileEncoding = 4; lastKnownFileType = sourcecode.swift; path = MainTabController.swift; sourceTree = "<group>"; };
		078401B0298A484800CDE061 /* StockChartViewController.swift */ = {isa = PBXFileReference; fileEncoding = 4; lastKnownFileType = sourcecode.swift; path = StockChartViewController.swift; sourceTree = "<group>"; };
		078401B1298A484800CDE061 /* ChartsModel.swift */ = {isa = PBXFileReference; fileEncoding = 4; lastKnownFileType = sourcecode.swift; path = ChartsModel.swift; sourceTree = "<group>"; };
		078401B3298A484800CDE061 /* HomeViewController.swift */ = {isa = PBXFileReference; fileEncoding = 4; lastKnownFileType = sourcecode.swift; path = HomeViewController.swift; sourceTree = "<group>"; };
		078401B4298A484800CDE061 /* ChartViewController.swift */ = {isa = PBXFileReference; fileEncoding = 4; lastKnownFileType = sourcecode.swift; path = ChartViewController.swift; sourceTree = "<group>"; };
		078401B5298A484800CDE061 /* ExploreViewController.swift */ = {isa = PBXFileReference; fileEncoding = 4; lastKnownFileType = sourcecode.swift; path = ExploreViewController.swift; sourceTree = "<group>"; };
		078401BE298A486300CDE061 /* realEstates.swift */ = {isa = PBXFileReference; fileEncoding = 4; lastKnownFileType = sourcecode.swift; path = realEstates.swift; sourceTree = "<group>"; };
		078401BF298A486300CDE061 /* StockPrice.swift */ = {isa = PBXFileReference; fileEncoding = 4; lastKnownFileType = sourcecode.swift; path = StockPrice.swift; sourceTree = "<group>"; };
		078401C0298A486300CDE061 /* ResellPrice.swift */ = {isa = PBXFileReference; fileEncoding = 4; lastKnownFileType = sourcecode.swift; path = ResellPrice.swift; sourceTree = "<group>"; };
		078401C1298A486300CDE061 /* EstatePriceModel.swift */ = {isa = PBXFileReference; fileEncoding = 4; lastKnownFileType = sourcecode.swift; path = EstatePriceModel.swift; sourceTree = "<group>"; };
		078401C6298A496B00CDE061 /* LaunchScreen.storyboard */ = {isa = PBXFileReference; fileEncoding = 4; lastKnownFileType = file.storyboard; path = LaunchScreen.storyboard; sourceTree = "<group>"; };
		078401C9298A49D500CDE061 /* StockView.swift */ = {isa = PBXFileReference; fileEncoding = 4; lastKnownFileType = sourcecode.swift; path = StockView.swift; sourceTree = "<group>"; };
		078401CA298A49D500CDE061 /* EstateDetailCell.swift */ = {isa = PBXFileReference; fileEncoding = 4; lastKnownFileType = sourcecode.swift; path = EstateDetailCell.swift; sourceTree = "<group>"; };
		078401CB298A49D500CDE061 /* resellView.swift */ = {isa = PBXFileReference; fileEncoding = 4; lastKnownFileType = sourcecode.swift; path = resellView.swift; sourceTree = "<group>"; };
		078401D0298A49E200CDE061 /* ChartMarker.swift */ = {isa = PBXFileReference; fileEncoding = 4; lastKnownFileType = sourcecode.swift; path = ChartMarker.swift; sourceTree = "<group>"; };
		078401D1298A49E200CDE061 /* asset.swift */ = {isa = PBXFileReference; fileEncoding = 4; lastKnownFileType = sourcecode.swift; path = asset.swift; sourceTree = "<group>"; };
		078401D3298A49E200CDE061 /* StockDateSegmentControl.swift */ = {isa = PBXFileReference; fileEncoding = 4; lastKnownFileType = sourcecode.swift; path = StockDateSegmentControl.swift; sourceTree = "<group>"; };
		078401D4298A49E300CDE061 /* UnderlineSegmentedControl.swift */ = {isa = PBXFileReference; fileEncoding = 4; lastKnownFileType = sourcecode.swift; path = UnderlineSegmentedControl.swift; sourceTree = "<group>"; };
		078401D5298A49E300CDE061 /* AssetModel.swift */ = {isa = PBXFileReference; fileEncoding = 4; lastKnownFileType = sourcecode.swift; path = AssetModel.swift; sourceTree = "<group>"; };
		078401D7298A49E300CDE061 /* HomeTableCell.swift */ = {isa = PBXFileReference; fileEncoding = 4; lastKnownFileType = sourcecode.swift; path = HomeTableCell.swift; sourceTree = "<group>"; };
		078401D9298A49E300CDE061 /* UnderlineView.swift */ = {isa = PBXFileReference; fileEncoding = 4; lastKnownFileType = sourcecode.swift; path = UnderlineView.swift; sourceTree = "<group>"; };
		078401E4298A4B2C00CDE061 /* StockPriceModel.swift */ = {isa = PBXFileReference; fileEncoding = 4; lastKnownFileType = sourcecode.swift; path = StockPriceModel.swift; sourceTree = "<group>"; };
		078401E5298A4B2D00CDE061 /* TableCellModel.swift */ = {isa = PBXFileReference; fileEncoding = 4; lastKnownFileType = sourcecode.swift; path = TableCellModel.swift; sourceTree = "<group>"; };
		078401E8298A4C2500CDE061 /* TopViewController.swift */ = {isa = PBXFileReference; fileEncoding = 4; lastKnownFileType = sourcecode.swift; path = TopViewController.swift; sourceTree = "<group>"; };
		078666BB2980BF9B000ADCBE /* ReverseModel.swift */ = {isa = PBXFileReference; lastKnownFileType = sourcecode.swift; path = ReverseModel.swift; sourceTree = "<group>"; };
		078666BD2983844D000ADCBE /* GeocodingModel.swift */ = {isa = PBXFileReference; lastKnownFileType = sourcecode.swift; path = GeocodingModel.swift; sourceTree = "<group>"; };
		1A81FE00F91FA41642246A20 /* Pods_LGHTSG.framework */ = {isa = PBXFileReference; explicitFileType = wrapper.framework; includeInIndex = 0; path = Pods_LGHTSG.framework; sourceTree = BUILT_PRODUCTS_DIR; };
		6F7EA128F8EC33ED812CADCA /* Pods-LGHTSG.release.xcconfig */ = {isa = PBXFileReference; includeInIndex = 1; lastKnownFileType = text.xcconfig; name = "Pods-LGHTSG.release.xcconfig"; path = "Target Support Files/Pods-LGHTSG/Pods-LGHTSG.release.xcconfig"; sourceTree = "<group>"; };
		9154F7534146417B8EBDBECC /* Pods-LGHTSG.debug.xcconfig */ = {isa = PBXFileReference; includeInIndex = 1; lastKnownFileType = text.xcconfig; name = "Pods-LGHTSG.debug.xcconfig"; path = "Target Support Files/Pods-LGHTSG/Pods-LGHTSG.debug.xcconfig"; sourceTree = "<group>"; };
		F0E4F817298C14E8008B8A48 /* myasset.swift */ = {isa = PBXFileReference; lastKnownFileType = sourcecode.swift; path = myasset.swift; sourceTree = "<group>"; };
		F5DAEBFF298AD1FA0098A11A /* login.swift */ = {isa = PBXFileReference; lastKnownFileType = sourcecode.swift; path = login.swift; sourceTree = "<group>"; };
		F5DAEC01298AD2050098A11A /* email.swift */ = {isa = PBXFileReference; lastKnownFileType = sourcecode.swift; path = email.swift; sourceTree = "<group>"; };
		F5DAEC03298AD20E0098A11A /* join.swift */ = {isa = PBXFileReference; lastKnownFileType = sourcecode.swift; path = join.swift; sourceTree = "<group>"; };
		F5DAEC05298AD2180098A11A /* changePw.swift */ = {isa = PBXFileReference; lastKnownFileType = sourcecode.swift; path = changePw.swift; sourceTree = "<group>"; };
		F5DAEC07298AD22A0098A11A /* user.swift */ = {isa = PBXFileReference; lastKnownFileType = sourcecode.swift; path = user.swift; sourceTree = "<group>"; };
		F5DAEC09298AD23D0098A11A /* LoginResultModel.swift */ = {isa = PBXFileReference; lastKnownFileType = sourcecode.swift; path = LoginResultModel.swift; sourceTree = "<group>"; };
		F5DAEC0E298AD2850098A11A /* RegisterView.swift */ = {isa = PBXFileReference; lastKnownFileType = sourcecode.swift; path = RegisterView.swift; sourceTree = "<group>"; };
		F5DAEC10298AD2910098A11A /* JoinSuccessView.swift */ = {isa = PBXFileReference; lastKnownFileType = sourcecode.swift; path = JoinSuccessView.swift; sourceTree = "<group>"; };
		F5DAEC13298AD2A30098A11A /* CheckAgreeView.swift */ = {isa = PBXFileReference; lastKnownFileType = sourcecode.swift; path = CheckAgreeView.swift; sourceTree = "<group>"; };
		F5DAEC15298AD2AC0098A11A /* CheckPageServiceView.swift */ = {isa = PBXFileReference; lastKnownFileType = sourcecode.swift; path = CheckPageServiceView.swift; sourceTree = "<group>"; };
		F5DAEC17298AD2B60098A11A /* CheckPagePrivacyView.swift */ = {isa = PBXFileReference; lastKnownFileType = sourcecode.swift; path = CheckPagePrivacyView.swift; sourceTree = "<group>"; };
		F5DAEC19298AD2C40098A11A /* CheckPageMarketingView.swift */ = {isa = PBXFileReference; lastKnownFileType = sourcecode.swift; path = CheckPageMarketingView.swift; sourceTree = "<group>"; };
		F5DAEC1B298AD2F70098A11A /* LoginView.swift */ = {isa = PBXFileReference; lastKnownFileType = sourcecode.swift; path = LoginView.swift; sourceTree = "<group>"; };
		F5DAEC1D298AD3080098A11A /* StartView.swift */ = {isa = PBXFileReference; lastKnownFileType = sourcecode.swift; path = StartView.swift; sourceTree = "<group>"; };
		F5DAEC1F298AD31E0098A11A /* FindPwView.swift */ = {isa = PBXFileReference; lastKnownFileType = sourcecode.swift; path = FindPwView.swift; sourceTree = "<group>"; };
		F5DAEC21298AD3320098A11A /* MyPageView.swift */ = {isa = PBXFileReference; lastKnownFileType = sourcecode.swift; path = MyPageView.swift; sourceTree = "<group>"; };
		F5DAEC24298AD3620098A11A /* LoginApiModel.swift */ = {isa = PBXFileReference; lastKnownFileType = sourcecode.swift; path = LoginApiModel.swift; sourceTree = "<group>"; };
		F5DAEC26298AD36A0098A11A /* LoginApiHeaderModel.swift */ = {isa = PBXFileReference; lastKnownFileType = sourcecode.swift; path = LoginApiHeaderModel.swift; sourceTree = "<group>"; };
		F5DAEC29298AD39C0098A11A /* emailApiModel.swift */ = {isa = PBXFileReference; lastKnownFileType = sourcecode.swift; path = emailApiModel.swift; sourceTree = "<group>"; };
		F5DAEC2B298AD3A40098A11A /* JoinApiModel.swift */ = {isa = PBXFileReference; lastKnownFileType = sourcecode.swift; path = JoinApiModel.swift; sourceTree = "<group>"; };
		F5DAEC2D298AD3AC0098A11A /* ChangePwModel.swift */ = {isa = PBXFileReference; lastKnownFileType = sourcecode.swift; path = ChangePwModel.swift; sourceTree = "<group>"; };
		F5DAEC2F298AD3FA0098A11A /* RegisterationSuccessController.swift */ = {isa = PBXFileReference; lastKnownFileType = sourcecode.swift; path = RegisterationSuccessController.swift; sourceTree = "<group>"; };
		F5DAEC31298AD40C0098A11A /* FindPasswordController.swift */ = {isa = PBXFileReference; lastKnownFileType = sourcecode.swift; path = FindPasswordController.swift; sourceTree = "<group>"; };
		F5DAEC33298AD41F0098A11A /* MyPageViewController.swift */ = {isa = PBXFileReference; lastKnownFileType = sourcecode.swift; path = MyPageViewController.swift; sourceTree = "<group>"; };
		F5DAEC36298AD4570098A11A /* CheckAgreeController.swift */ = {isa = PBXFileReference; lastKnownFileType = sourcecode.swift; path = CheckAgreeController.swift; sourceTree = "<group>"; };
		F5DAEC38298AD4620098A11A /* CheckPageMarketingController.swift */ = {isa = PBXFileReference; lastKnownFileType = sourcecode.swift; path = CheckPageMarketingController.swift; sourceTree = "<group>"; };
		F5DAEC3A298AD46B0098A11A /* CheckPageServiceController.swift */ = {isa = PBXFileReference; lastKnownFileType = sourcecode.swift; path = CheckPageServiceController.swift; sourceTree = "<group>"; };
		F5DAEC3C298AD47A0098A11A /* CheckPagePrivacyController.swift */ = {isa = PBXFileReference; lastKnownFileType = sourcecode.swift; path = CheckPagePrivacyController.swift; sourceTree = "<group>"; };
/* End PBXFileReference section */

/* Begin PBXFrameworksBuildPhase section */
		071E053A296BB7B50020282F /* Frameworks */ = {
			isa = PBXFrameworksBuildPhase;
			buildActionMask = 2147483647;
			files = (
				07120DF3296EDF6E00ABF98F /* Alamofire in Frameworks */,
				07120DF6296EDF7A00ABF98F /* SnapKit in Frameworks */,
				8E910354CAD5238FB38C267D /* Pods_LGHTSG.framework in Frameworks */,
			);
			runOnlyForDeploymentPostprocessing = 0;
		};
/* End PBXFrameworksBuildPhase section */

/* Begin PBXGroup section */
		071E0534296BB7B50020282F = {
			isa = PBXGroup;
			children = (
				071E053F296BB7B50020282F /* LGHTSG */,
				071E053E296BB7B50020282F /* Products */,
				2404E8AB30A4556E368D96E1 /* Pods */,
				A92EBC2846164898447CA9DD /* Frameworks */,
			);
			sourceTree = "<group>";
		};
		071E053E296BB7B50020282F /* Products */ = {
			isa = PBXGroup;
			children = (
				071E053D296BB7B50020282F /* LGHTSG.app */,
			);
			name = Products;
			sourceTree = "<group>";
		};
		071E053F296BB7B50020282F /* LGHTSG */ = {
			isa = PBXGroup;
			children = (
				071E0554296BB8210020282F /* Model */,
				071E0558296BB8510020282F /* View */,
				071E0556296BB8380020282F /* ViewModel */,
				071E055A296BB88B0020282F /* Controller */,
				071E0557296BB83F0020282F /* Network */,
				071E0555296BB82F0020282F /* App */,
				071E0544296BB7B50020282F /* ViewController.swift */,
				071E0549296BB7B70020282F /* Assets.xcassets */,
				078401C6298A496B00CDE061 /* LaunchScreen.storyboard */,
				071E054E296BB7B70020282F /* Info.plist */,
				071E0559296BB86E0020282F /* Font */,
			);
			path = LGHTSG;
			sourceTree = "<group>";
		};
		071E0554296BB8210020282F /* Model */ = {
			isa = PBXGroup;
			children = (
				F5DAEBFE298AD1CC0098A11A /* krystal */,
				078401D1298A49E200CDE061 /* asset.swift */,
				F0E4F817298C14E8008B8A48 /* myasset.swift */,
				078401BE298A486300CDE061 /* realEstates.swift */,
				078401C0298A486300CDE061 /* ResellPrice.swift */,
				078401BF298A486300CDE061 /* StockPrice.swift */,
				078666BB2980BF9B000ADCBE /* ReverseModel.swift */,
				078666BD2983844D000ADCBE /* GeocodingModel.swift */,
				0764F26C2986653500F446CB /* AreaListModel.swift */,
				0764F2702987853600F446CB /* EstateModel.swift */,
				075BBA33298A79F500710F44 /* EstatePriceDetailModel.swift */,
			);
			path = Model;
			sourceTree = "<group>";
		};
		071E0555296BB82F0020282F /* App */ = {
			isa = PBXGroup;
			children = (
				071E0540296BB7B50020282F /* AppDelegate.swift */,
				071E0542296BB7B50020282F /* SceneDelegate.swift */,
				0764F26E29866A6500F446CB /* APIToken.swift */,
			);
			path = App;
			sourceTree = "<group>";
		};
		071E0556296BB8380020282F /* ViewModel */ = {
			isa = PBXGroup;
			children = (
				F5DAEC28298AD38C0098A11A /* joinVM */,
				F5DAEC23298AD34C0098A11A /* loginVM */,
				078401E4298A4B2C00CDE061 /* StockPriceModel.swift */,
				078401E5298A4B2D00CDE061 /* TableCellModel.swift */,
				078401D5298A49E300CDE061 /* AssetModel.swift */,
				078401C1298A486300CDE061 /* EstatePriceModel.swift */,
			);
			path = ViewModel;
			sourceTree = "<group>";
		};
		071E0557296BB83F0020282F /* Network */ = {
			isa = PBXGroup;
			children = (
			);
			path = Network;
			sourceTree = "<group>";
		};
		071E0558296BB8510020282F /* View */ = {
			isa = PBXGroup;
			children = (
				F5DAEC0D298AD26F0098A11A /* JoinVC */,
				078401CF298A49DB00CDE061 /* HomeVC */,
				078401C8298A49CB00CDE061 /* ExploreVC */,
				078401CA298A49D500CDE061 /* EstateDetailCell.swift */,
				075BBA39298ACF1D00710F44 /* EstateSaleCell.swift */,
				0764F26A298642EF00F446CB /* SearchItemCell.swift */,
				0764F284298959C600F446CB /* TopViewCell.swift */,
				F5DAEC1B298AD2F70098A11A /* LoginView.swift */,
				078401D0298A49E200CDE061 /* ChartMarker.swift */,
				F5DAEC1D298AD3080098A11A /* StartView.swift */,
				F5DAEC1F298AD31E0098A11A /* FindPwView.swift */,
				F5DAEC21298AD3320098A11A /* MyPageView.swift */,
			);
			path = View;
			sourceTree = "<group>";
		};
		071E0559296BB86E0020282F /* Font */ = {
			isa = PBXGroup;
			children = (
				0709655E298B8E7000942281 /* NanumSquareB.ttf */,
				0709655F298B8E7000942281 /* NanumSquareEB.ttf */,
				07096560298B8E7000942281 /* NanumSquareR.ttf */,
			);
			path = Font;
			sourceTree = "<group>";
		};
		071E055A296BB88B0020282F /* Controller */ = {
			isa = PBXGroup;
			children = (
				F5DAEC35298AD4410098A11A /* CheckController */,
				0755755A296BFC2100B8AF77 /* Authentication */,
				078401B1298A484800CDE061 /* ChartsModel.swift */,
				078401B4298A484800CDE061 /* ChartViewController.swift */,
				078401B5298A484800CDE061 /* ExploreViewController.swift */,
				078401B3298A484800CDE061 /* HomeViewController.swift */,
				078401AE298A484800CDE061 /* MainTabController.swift */,
				078401B0298A484800CDE061 /* StockChartViewController.swift */,
			);
			path = Controller;
			sourceTree = "<group>";
		};
		0755755A296BFC2100B8AF77 /* Authentication */ = {
			isa = PBXGroup;
			children = (
				0755755B296BFC3300B8AF77 /* LoginController.swift */,
				0755755E296BFC4B00B8AF77 /* RegisterationController.swift */,
				F5DAEC2F298AD3FA0098A11A /* RegisterationSuccessController.swift */,
				F5DAEC31298AD40C0098A11A /* FindPasswordController.swift */,
				F5DAEC33298AD41F0098A11A /* MyPageViewController.swift */,
			);
			path = Authentication;
			sourceTree = "<group>";
		};
		078401C8298A49CB00CDE061 /* ExploreVC */ = {
			isa = PBXGroup;
			children = (
				078401E8298A4C2500CDE061 /* TopViewController.swift */,
				075BBA2F298A78FC00710F44 /* EstateController.swift */,
				078401CB298A49D500CDE061 /* resellView.swift */,
				078401C9298A49D500CDE061 /* StockView.swift */,
			);
			path = ExploreVC;
			sourceTree = "<group>";
		};
		078401CF298A49DB00CDE061 /* HomeVC */ = {
			isa = PBXGroup;
			children = (
				078401D7298A49E300CDE061 /* HomeTableCell.swift */,
				078401D3298A49E200CDE061 /* StockDateSegmentControl.swift */,
				078401D4298A49E300CDE061 /* UnderlineSegmentedControl.swift */,
				078401D9298A49E300CDE061 /* UnderlineView.swift */,
			);
			path = HomeVC;
			sourceTree = "<group>";
		};
		2404E8AB30A4556E368D96E1 /* Pods */ = {
			isa = PBXGroup;
			children = (
				9154F7534146417B8EBDBECC /* Pods-LGHTSG.debug.xcconfig */,
				6F7EA128F8EC33ED812CADCA /* Pods-LGHTSG.release.xcconfig */,
			);
			path = Pods;
			sourceTree = "<group>";
		};
		A92EBC2846164898447CA9DD /* Frameworks */ = {
			isa = PBXGroup;
			children = (
				1A81FE00F91FA41642246A20 /* Pods_LGHTSG.framework */,
			);
			name = Frameworks;
			sourceTree = "<group>";
		};
		F5DAEBFE298AD1CC0098A11A /* krystal */ = {
			isa = PBXGroup;
			children = (
				F5DAEBFF298AD1FA0098A11A /* login.swift */,
				F5DAEC01298AD2050098A11A /* email.swift */,
				F5DAEC03298AD20E0098A11A /* join.swift */,
				F5DAEC05298AD2180098A11A /* changePw.swift */,
				F5DAEC07298AD22A0098A11A /* user.swift */,
				F5DAEC09298AD23D0098A11A /* LoginResultModel.swift */,
			);
			path = krystal;
			sourceTree = "<group>";
		};
		F5DAEC0D298AD26F0098A11A /* JoinVC */ = {
			isa = PBXGroup;
			children = (
				F5DAEC12298AD2980098A11A /* CheckVc */,
				F5DAEC0E298AD2850098A11A /* RegisterView.swift */,
				F5DAEC10298AD2910098A11A /* JoinSuccessView.swift */,
			);
			path = JoinVC;
			sourceTree = "<group>";
		};
		F5DAEC12298AD2980098A11A /* CheckVc */ = {
			isa = PBXGroup;
			children = (
				F5DAEC13298AD2A30098A11A /* CheckAgreeView.swift */,
				F5DAEC15298AD2AC0098A11A /* CheckPageServiceView.swift */,
				F5DAEC17298AD2B60098A11A /* CheckPagePrivacyView.swift */,
				F5DAEC19298AD2C40098A11A /* CheckPageMarketingView.swift */,
			);
			path = CheckVc;
			sourceTree = "<group>";
		};
		F5DAEC23298AD34C0098A11A /* loginVM */ = {
			isa = PBXGroup;
			children = (
				F5DAEC24298AD3620098A11A /* LoginApiModel.swift */,
				F5DAEC26298AD36A0098A11A /* LoginApiHeaderModel.swift */,
			);
			path = loginVM;
			sourceTree = "<group>";
		};
		F5DAEC28298AD38C0098A11A /* joinVM */ = {
			isa = PBXGroup;
			children = (
				F5DAEC29298AD39C0098A11A /* emailApiModel.swift */,
				F5DAEC2B298AD3A40098A11A /* JoinApiModel.swift */,
				F5DAEC2D298AD3AC0098A11A /* ChangePwModel.swift */,
			);
			path = joinVM;
			sourceTree = "<group>";
		};
		F5DAEC35298AD4410098A11A /* CheckController */ = {
			isa = PBXGroup;
			children = (
				F5DAEC36298AD4570098A11A /* CheckAgreeController.swift */,
				F5DAEC38298AD4620098A11A /* CheckPageMarketingController.swift */,
				F5DAEC3A298AD46B0098A11A /* CheckPageServiceController.swift */,
				F5DAEC3C298AD47A0098A11A /* CheckPagePrivacyController.swift */,
			);
			path = CheckController;
			sourceTree = "<group>";
		};
/* End PBXGroup section */

/* Begin PBXNativeTarget section */
		071E053C296BB7B50020282F /* LGHTSG */ = {
			isa = PBXNativeTarget;
			buildConfigurationList = 071E0551296BB7B70020282F /* Build configuration list for PBXNativeTarget "LGHTSG" */;
			buildPhases = (
				43F0B9E20F9EB8270563F8FA /* [CP] Check Pods Manifest.lock */,
				071E0539296BB7B50020282F /* Sources */,
				071E053A296BB7B50020282F /* Frameworks */,
				071E053B296BB7B50020282F /* Resources */,
				CB391BDBD57F8098F230D808 /* [CP] Embed Pods Frameworks */,
			);
			buildRules = (
			);
			dependencies = (
			);
			name = LGHTSG;
			packageProductDependencies = (
				07120DF2296EDF6E00ABF98F /* Alamofire */,
				07120DF5296EDF7A00ABF98F /* SnapKit */,
			);
			productName = LGHTSG;
			productReference = 071E053D296BB7B50020282F /* LGHTSG.app */;
			productType = "com.apple.product-type.application";
		};
/* End PBXNativeTarget section */

/* Begin PBXProject section */
		071E0535296BB7B50020282F /* Project object */ = {
			isa = PBXProject;
			attributes = {
				BuildIndependentTargetsInParallel = 1;
				LastSwiftUpdateCheck = 1400;
				LastUpgradeCheck = 1400;
				TargetAttributes = {
					071E053C296BB7B50020282F = {
						CreatedOnToolsVersion = 14.0.1;
					};
				};
			};
			buildConfigurationList = 071E0538296BB7B50020282F /* Build configuration list for PBXProject "LGHTSG" */;
			compatibilityVersion = "Xcode 14.0";
			developmentRegion = en;
			hasScannedForEncodings = 0;
			knownRegions = (
				en,
				Base,
			);
			mainGroup = 071E0534296BB7B50020282F;
			packageReferences = (
				07120DF1296EDF6E00ABF98F /* XCRemoteSwiftPackageReference "Alamofire" */,
				07120DF4296EDF7A00ABF98F /* XCRemoteSwiftPackageReference "SnapKit" */,
			);
			productRefGroup = 071E053E296BB7B50020282F /* Products */;
			projectDirPath = "";
			projectRoot = "";
			targets = (
				071E053C296BB7B50020282F /* LGHTSG */,
			);
		};
/* End PBXProject section */

/* Begin PBXResourcesBuildPhase section */
		071E053B296BB7B50020282F /* Resources */ = {
			isa = PBXResourcesBuildPhase;
			buildActionMask = 2147483647;
			files = (
				07096562298B8E7000942281 /* NanumSquareEB.ttf in Resources */,
				078401C7298A496B00CDE061 /* LaunchScreen.storyboard in Resources */,
				07096563298B8E7000942281 /* NanumSquareR.ttf in Resources */,
				07096561298B8E7000942281 /* NanumSquareB.ttf in Resources */,
				071E054A296BB7B70020282F /* Assets.xcassets in Resources */,
			);
			runOnlyForDeploymentPostprocessing = 0;
		};
/* End PBXResourcesBuildPhase section */

/* Begin PBXShellScriptBuildPhase section */
		43F0B9E20F9EB8270563F8FA /* [CP] Check Pods Manifest.lock */ = {
			isa = PBXShellScriptBuildPhase;
			buildActionMask = 2147483647;
			files = (
			);
			inputFileListPaths = (
			);
			inputPaths = (
				"${PODS_PODFILE_DIR_PATH}/Podfile.lock",
				"${PODS_ROOT}/Manifest.lock",
			);
			name = "[CP] Check Pods Manifest.lock";
			outputFileListPaths = (
			);
			outputPaths = (
				"$(DERIVED_FILE_DIR)/Pods-LGHTSG-checkManifestLockResult.txt",
			);
			runOnlyForDeploymentPostprocessing = 0;
			shellPath = /bin/sh;
			shellScript = "diff \"${PODS_PODFILE_DIR_PATH}/Podfile.lock\" \"${PODS_ROOT}/Manifest.lock\" > /dev/null\nif [ $? != 0 ] ; then\n    # print error to STDERR\n    echo \"error: The sandbox is not in sync with the Podfile.lock. Run 'pod install' or update your CocoaPods installation.\" >&2\n    exit 1\nfi\n# This output is used by Xcode 'outputs' to avoid re-running this script phase.\necho \"SUCCESS\" > \"${SCRIPT_OUTPUT_FILE_0}\"\n";
			showEnvVarsInLog = 0;
		};
		CB391BDBD57F8098F230D808 /* [CP] Embed Pods Frameworks */ = {
			isa = PBXShellScriptBuildPhase;
			buildActionMask = 2147483647;
			files = (
			);
			inputFileListPaths = (
				"${PODS_ROOT}/Target Support Files/Pods-LGHTSG/Pods-LGHTSG-frameworks-${CONFIGURATION}-input-files.xcfilelist",
			);
			name = "[CP] Embed Pods Frameworks";
			outputFileListPaths = (
				"${PODS_ROOT}/Target Support Files/Pods-LGHTSG/Pods-LGHTSG-frameworks-${CONFIGURATION}-output-files.xcfilelist",
			);
			runOnlyForDeploymentPostprocessing = 0;
			shellPath = /bin/sh;
			shellScript = "\"${PODS_ROOT}/Target Support Files/Pods-LGHTSG/Pods-LGHTSG-frameworks.sh\"\n";
			showEnvVarsInLog = 0;
		};
/* End PBXShellScriptBuildPhase section */

/* Begin PBXSourcesBuildPhase section */
		071E0539296BB7B50020282F /* Sources */ = {
			isa = PBXSourcesBuildPhase;
			buildActionMask = 2147483647;
			files = (
				078401DB298A49E300CDE061 /* asset.swift in Sources */,
				078401DA298A49E300CDE061 /* ChartMarker.swift in Sources */,
				F5DAEC32298AD40C0098A11A /* FindPasswordController.swift in Sources */,
				0764F285298959C600F446CB /* TopViewCell.swift in Sources */,
				F5DAEC25298AD3620098A11A /* LoginApiModel.swift in Sources */,
				078401C2298A486300CDE061 /* realEstates.swift in Sources */,
				078401B8298A484800CDE061 /* StockChartViewController.swift in Sources */,
				078401DF298A49E300CDE061 /* AssetModel.swift in Sources */,
				078401DE298A49E300CDE061 /* UnderlineSegmentedControl.swift in Sources */,
				078401BC298A484800CDE061 /* ChartViewController.swift in Sources */,
				F5DAEC27298AD36A0098A11A /* LoginApiHeaderModel.swift in Sources */,
				F5DAEC2C298AD3A40098A11A /* JoinApiModel.swift in Sources */,
				078401C5298A486300CDE061 /* EstatePriceModel.swift in Sources */,
				075BBA34298A79F500710F44 /* EstatePriceDetailModel.swift in Sources */,
				F5DAEC3D298AD47A0098A11A /* CheckPagePrivacyController.swift in Sources */,
				078401BB298A484800CDE061 /* HomeViewController.swift in Sources */,
				F5DAEC37298AD4570098A11A /* CheckAgreeController.swift in Sources */,
				071E0545296BB7B50020282F /* ViewController.swift in Sources */,
				0764F2712987853600F446CB /* EstateModel.swift in Sources */,
				F5DAEC34298AD41F0098A11A /* MyPageViewController.swift in Sources */,
				F5DAEC30298AD3FA0098A11A /* RegisterationSuccessController.swift in Sources */,
				078401CE298A49D500CDE061 /* resellView.swift in Sources */,
				0755755C296BFC3300B8AF77 /* LoginController.swift in Sources */,
				F5DAEC39298AD4620098A11A /* CheckPageMarketingController.swift in Sources */,
				F5DAEC04298AD20E0098A11A /* join.swift in Sources */,
				078401DD298A49E300CDE061 /* StockDateSegmentControl.swift in Sources */,
				F5DAEC00298AD1FA0098A11A /* login.swift in Sources */,
				F5DAEC06298AD2180098A11A /* changePw.swift in Sources */,
				078401BD298A484800CDE061 /* ExploreViewController.swift in Sources */,
				F5DAEC3B298AD46B0098A11A /* CheckPageServiceController.swift in Sources */,
				078401CC298A49D500CDE061 /* StockView.swift in Sources */,
				078401E3298A49E300CDE061 /* UnderlineView.swift in Sources */,
				078401E1298A49E300CDE061 /* HomeTableCell.swift in Sources */,
				F5DAEC2A298AD39C0098A11A /* emailApiModel.swift in Sources */,
				F5DAEC22298AD3320098A11A /* MyPageView.swift in Sources */,
				0764F26B298642EF00F446CB /* SearchItemCell.swift in Sources */,
				F5DAEC18298AD2B60098A11A /* CheckPagePrivacyView.swift in Sources */,
				F5DAEC1A298AD2C40098A11A /* CheckPageMarketingView.swift in Sources */,
				F5DAEC14298AD2A30098A11A /* CheckAgreeView.swift in Sources */,
				F5DAEC20298AD31E0098A11A /* FindPwView.swift in Sources */,
				F5DAEC1C298AD2F70098A11A /* LoginView.swift in Sources */,
				075BBA3A298ACF1D00710F44 /* EstateSaleCell.swift in Sources */,
				075BBA30298A78FC00710F44 /* EstateController.swift in Sources */,
				F5DAEC0A298AD23D0098A11A /* LoginResultModel.swift in Sources */,
				F5DAEC1E298AD3080098A11A /* StartView.swift in Sources */,
				078401E7298A4B2D00CDE061 /* TableCellModel.swift in Sources */,
				078401E9298A4C2600CDE061 /* TopViewController.swift in Sources */,
				071E0541296BB7B50020282F /* AppDelegate.swift in Sources */,
				071E0543296BB7B50020282F /* SceneDelegate.swift in Sources */,
				0764F26F29866A6500F446CB /* APIToken.swift in Sources */,
				F0E4F818298C14E8008B8A48 /* myasset.swift in Sources */,
				078401C4298A486300CDE061 /* ResellPrice.swift in Sources */,
				F5DAEC02298AD2050098A11A /* email.swift in Sources */,
				F5DAEC11298AD2910098A11A /* JoinSuccessView.swift in Sources */,
				078401B9298A484800CDE061 /* ChartsModel.swift in Sources */,
				078401E6298A4B2D00CDE061 /* StockPriceModel.swift in Sources */,
				F5DAEC0F298AD2850098A11A /* RegisterView.swift in Sources */,
				F5DAEC2E298AD3AC0098A11A /* ChangePwModel.swift in Sources */,
				F5DAEC08298AD22A0098A11A /* user.swift in Sources */,
				078401CD298A49D500CDE061 /* EstateDetailCell.swift in Sources */,
				078666BC2980BF9B000ADCBE /* ReverseModel.swift in Sources */,
				078401B6298A484800CDE061 /* MainTabController.swift in Sources */,
				078401C3298A486300CDE061 /* StockPrice.swift in Sources */,
				F5DAEC16298AD2AC0098A11A /* CheckPageServiceView.swift in Sources */,
				078666BE2983844D000ADCBE /* GeocodingModel.swift in Sources */,
				0764F26D2986653500F446CB /* AreaListModel.swift in Sources */,
				0755755F296BFC4B00B8AF77 /* RegisterationController.swift in Sources */,
			);
			runOnlyForDeploymentPostprocessing = 0;
		};
/* End PBXSourcesBuildPhase section */

/* Begin XCBuildConfiguration section */
		071E054F296BB7B70020282F /* Debug */ = {
			isa = XCBuildConfiguration;
			buildSettings = {
				ALWAYS_SEARCH_USER_PATHS = NO;
				CLANG_ANALYZER_NONNULL = YES;
				CLANG_ANALYZER_NUMBER_OBJECT_CONVERSION = YES_AGGRESSIVE;
				CLANG_CXX_LANGUAGE_STANDARD = "gnu++20";
				CLANG_ENABLE_MODULES = YES;
				CLANG_ENABLE_OBJC_ARC = YES;
				CLANG_ENABLE_OBJC_WEAK = YES;
				CLANG_WARN_BLOCK_CAPTURE_AUTORELEASING = YES;
				CLANG_WARN_BOOL_CONVERSION = YES;
				CLANG_WARN_COMMA = YES;
				CLANG_WARN_CONSTANT_CONVERSION = YES;
				CLANG_WARN_DEPRECATED_OBJC_IMPLEMENTATIONS = YES;
				CLANG_WARN_DIRECT_OBJC_ISA_USAGE = YES_ERROR;
				CLANG_WARN_DOCUMENTATION_COMMENTS = YES;
				CLANG_WARN_EMPTY_BODY = YES;
				CLANG_WARN_ENUM_CONVERSION = YES;
				CLANG_WARN_INFINITE_RECURSION = YES;
				CLANG_WARN_INT_CONVERSION = YES;
				CLANG_WARN_NON_LITERAL_NULL_CONVERSION = YES;
				CLANG_WARN_OBJC_IMPLICIT_RETAIN_SELF = YES;
				CLANG_WARN_OBJC_LITERAL_CONVERSION = YES;
				CLANG_WARN_OBJC_ROOT_CLASS = YES_ERROR;
				CLANG_WARN_QUOTED_INCLUDE_IN_FRAMEWORK_HEADER = YES;
				CLANG_WARN_RANGE_LOOP_ANALYSIS = YES;
				CLANG_WARN_STRICT_PROTOTYPES = YES;
				CLANG_WARN_SUSPICIOUS_MOVE = YES;
				CLANG_WARN_UNGUARDED_AVAILABILITY = YES_AGGRESSIVE;
				CLANG_WARN_UNREACHABLE_CODE = YES;
				CLANG_WARN__DUPLICATE_METHOD_MATCH = YES;
				COPY_PHASE_STRIP = NO;
				DEBUG_INFORMATION_FORMAT = dwarf;
				ENABLE_STRICT_OBJC_MSGSEND = YES;
				ENABLE_TESTABILITY = YES;
				GCC_C_LANGUAGE_STANDARD = gnu11;
				GCC_DYNAMIC_NO_PIC = NO;
				GCC_NO_COMMON_BLOCKS = YES;
				GCC_OPTIMIZATION_LEVEL = 0;
				GCC_PREPROCESSOR_DEFINITIONS = (
					"DEBUG=1",
					"$(inherited)",
				);
				GCC_WARN_64_TO_32_BIT_CONVERSION = YES;
				GCC_WARN_ABOUT_RETURN_TYPE = YES_ERROR;
				GCC_WARN_UNDECLARED_SELECTOR = YES;
				GCC_WARN_UNINITIALIZED_AUTOS = YES_AGGRESSIVE;
				GCC_WARN_UNUSED_FUNCTION = YES;
				GCC_WARN_UNUSED_VARIABLE = YES;
				IPHONEOS_DEPLOYMENT_TARGET = 15.0;
				MTL_ENABLE_DEBUG_INFO = INCLUDE_SOURCE;
				MTL_FAST_MATH = YES;
				ONLY_ACTIVE_ARCH = YES;
				SDKROOT = iphoneos;
				SWIFT_ACTIVE_COMPILATION_CONDITIONS = DEBUG;
				SWIFT_OPTIMIZATION_LEVEL = "-Onone";
			};
			name = Debug;
		};
		071E0550296BB7B70020282F /* Release */ = {
			isa = XCBuildConfiguration;
			buildSettings = {
				ALWAYS_SEARCH_USER_PATHS = NO;
				CLANG_ANALYZER_NONNULL = YES;
				CLANG_ANALYZER_NUMBER_OBJECT_CONVERSION = YES_AGGRESSIVE;
				CLANG_CXX_LANGUAGE_STANDARD = "gnu++20";
				CLANG_ENABLE_MODULES = YES;
				CLANG_ENABLE_OBJC_ARC = YES;
				CLANG_ENABLE_OBJC_WEAK = YES;
				CLANG_WARN_BLOCK_CAPTURE_AUTORELEASING = YES;
				CLANG_WARN_BOOL_CONVERSION = YES;
				CLANG_WARN_COMMA = YES;
				CLANG_WARN_CONSTANT_CONVERSION = YES;
				CLANG_WARN_DEPRECATED_OBJC_IMPLEMENTATIONS = YES;
				CLANG_WARN_DIRECT_OBJC_ISA_USAGE = YES_ERROR;
				CLANG_WARN_DOCUMENTATION_COMMENTS = YES;
				CLANG_WARN_EMPTY_BODY = YES;
				CLANG_WARN_ENUM_CONVERSION = YES;
				CLANG_WARN_INFINITE_RECURSION = YES;
				CLANG_WARN_INT_CONVERSION = YES;
				CLANG_WARN_NON_LITERAL_NULL_CONVERSION = YES;
				CLANG_WARN_OBJC_IMPLICIT_RETAIN_SELF = YES;
				CLANG_WARN_OBJC_LITERAL_CONVERSION = YES;
				CLANG_WARN_OBJC_ROOT_CLASS = YES_ERROR;
				CLANG_WARN_QUOTED_INCLUDE_IN_FRAMEWORK_HEADER = YES;
				CLANG_WARN_RANGE_LOOP_ANALYSIS = YES;
				CLANG_WARN_STRICT_PROTOTYPES = YES;
				CLANG_WARN_SUSPICIOUS_MOVE = YES;
				CLANG_WARN_UNGUARDED_AVAILABILITY = YES_AGGRESSIVE;
				CLANG_WARN_UNREACHABLE_CODE = YES;
				CLANG_WARN__DUPLICATE_METHOD_MATCH = YES;
				COPY_PHASE_STRIP = NO;
				DEBUG_INFORMATION_FORMAT = "dwarf-with-dsym";
				ENABLE_NS_ASSERTIONS = NO;
				ENABLE_STRICT_OBJC_MSGSEND = YES;
				GCC_C_LANGUAGE_STANDARD = gnu11;
				GCC_NO_COMMON_BLOCKS = YES;
				GCC_WARN_64_TO_32_BIT_CONVERSION = YES;
				GCC_WARN_ABOUT_RETURN_TYPE = YES_ERROR;
				GCC_WARN_UNDECLARED_SELECTOR = YES;
				GCC_WARN_UNINITIALIZED_AUTOS = YES_AGGRESSIVE;
				GCC_WARN_UNUSED_FUNCTION = YES;
				GCC_WARN_UNUSED_VARIABLE = YES;
				IPHONEOS_DEPLOYMENT_TARGET = 15.0;
				MTL_ENABLE_DEBUG_INFO = NO;
				MTL_FAST_MATH = YES;
				SDKROOT = iphoneos;
				SWIFT_COMPILATION_MODE = wholemodule;
				SWIFT_OPTIMIZATION_LEVEL = "-O";
				VALIDATE_PRODUCT = YES;
			};
			name = Release;
		};
		071E0552296BB7B70020282F /* Debug */ = {
			isa = XCBuildConfiguration;
			baseConfigurationReference = 9154F7534146417B8EBDBECC /* Pods-LGHTSG.debug.xcconfig */;
			buildSettings = {
				ASSETCATALOG_COMPILER_APPICON_NAME = AppIcon;
				ASSETCATALOG_COMPILER_GLOBAL_ACCENT_COLOR_NAME = AccentColor;
				CODE_SIGN_STYLE = Automatic;
				CURRENT_PROJECT_VERSION = 1;
				DEVELOPMENT_TEAM = 9KQS6UJ9YX;
				GENERATE_INFOPLIST_FILE = YES;
				INFOPLIST_FILE = LGHTSG/Info.plist;
				INFOPLIST_KEY_NSLocationWhenInUseUsageDescription = "위치 정보 제공을 허용합니까?";
				INFOPLIST_KEY_UIApplicationSupportsIndirectInputEvents = YES;
				INFOPLIST_KEY_UILaunchStoryboardName = LaunchScreen;
				INFOPLIST_KEY_UISupportedInterfaceOrientations_iPad = "UIInterfaceOrientationPortrait UIInterfaceOrientationPortraitUpsideDown UIInterfaceOrientationLandscapeLeft UIInterfaceOrientationLandscapeRight";
				INFOPLIST_KEY_UISupportedInterfaceOrientations_iPhone = "UIInterfaceOrientationPortrait UIInterfaceOrientationLandscapeLeft UIInterfaceOrientationLandscapeRight";
				IPHONEOS_DEPLOYMENT_TARGET = 15.0;
				LD_RUNPATH_SEARCH_PATHS = (
					"$(inherited)",
					"@executable_path/Frameworks",
				);
				MARKETING_VERSION = 1.0;
				PRODUCT_BUNDLE_IDENTIFIER = com.kry.LGHTSG;
				PRODUCT_NAME = "$(TARGET_NAME)";
				SWIFT_EMIT_LOC_STRINGS = YES;
				SWIFT_VERSION = 5.0;
				TARGETED_DEVICE_FAMILY = "1,2";
			};
			name = Debug;
		};
		071E0553296BB7B70020282F /* Release */ = {
			isa = XCBuildConfiguration;
			baseConfigurationReference = 6F7EA128F8EC33ED812CADCA /* Pods-LGHTSG.release.xcconfig */;
			buildSettings = {
				ASSETCATALOG_COMPILER_APPICON_NAME = AppIcon;
				ASSETCATALOG_COMPILER_GLOBAL_ACCENT_COLOR_NAME = AccentColor;
				CODE_SIGN_STYLE = Automatic;
				CURRENT_PROJECT_VERSION = 1;
				DEVELOPMENT_TEAM = 9KQS6UJ9YX;
				GENERATE_INFOPLIST_FILE = YES;
				INFOPLIST_FILE = LGHTSG/Info.plist;
				INFOPLIST_KEY_NSLocationWhenInUseUsageDescription = "위치 정보 제공을 허용합니까?";
				INFOPLIST_KEY_UIApplicationSupportsIndirectInputEvents = YES;
				INFOPLIST_KEY_UILaunchStoryboardName = LaunchScreen;
				INFOPLIST_KEY_UISupportedInterfaceOrientations_iPad = "UIInterfaceOrientationPortrait UIInterfaceOrientationPortraitUpsideDown UIInterfaceOrientationLandscapeLeft UIInterfaceOrientationLandscapeRight";
				INFOPLIST_KEY_UISupportedInterfaceOrientations_iPhone = "UIInterfaceOrientationPortrait UIInterfaceOrientationLandscapeLeft UIInterfaceOrientationLandscapeRight";
				IPHONEOS_DEPLOYMENT_TARGET = 15.0;
				LD_RUNPATH_SEARCH_PATHS = (
					"$(inherited)",
					"@executable_path/Frameworks",
				);
				MARKETING_VERSION = 1.0;
				PRODUCT_BUNDLE_IDENTIFIER = com.kry.LGHTSG;
				PRODUCT_NAME = "$(TARGET_NAME)";
				SWIFT_EMIT_LOC_STRINGS = YES;
				SWIFT_VERSION = 5.0;
				TARGETED_DEVICE_FAMILY = "1,2";
			};
			name = Release;
		};
/* End XCBuildConfiguration section */

/* Begin XCConfigurationList section */
		071E0538296BB7B50020282F /* Build configuration list for PBXProject "LGHTSG" */ = {
			isa = XCConfigurationList;
			buildConfigurations = (
				071E054F296BB7B70020282F /* Debug */,
				071E0550296BB7B70020282F /* Release */,
			);
			defaultConfigurationIsVisible = 0;
			defaultConfigurationName = Release;
		};
		071E0551296BB7B70020282F /* Build configuration list for PBXNativeTarget "LGHTSG" */ = {
			isa = XCConfigurationList;
			buildConfigurations = (
				071E0552296BB7B70020282F /* Debug */,
				071E0553296BB7B70020282F /* Release */,
			);
			defaultConfigurationIsVisible = 0;
			defaultConfigurationName = Release;
		};
/* End XCConfigurationList section */

/* Begin XCRemoteSwiftPackageReference section */
		07120DF1296EDF6E00ABF98F /* XCRemoteSwiftPackageReference "Alamofire" */ = {
			isa = XCRemoteSwiftPackageReference;
			repositoryURL = "https://github.com/Alamofire/Alamofire.git";
			requirement = {
				kind = upToNextMajorVersion;
				minimumVersion = 5.0.0;
			};
		};
		07120DF4296EDF7A00ABF98F /* XCRemoteSwiftPackageReference "SnapKit" */ = {
			isa = XCRemoteSwiftPackageReference;
			repositoryURL = "https://github.com/SnapKit/SnapKit.git";
			requirement = {
				branch = develop;
				kind = branch;
			};
		};
/* End XCRemoteSwiftPackageReference section */

/* Begin XCSwiftPackageProductDependency section */
		07120DF2296EDF6E00ABF98F /* Alamofire */ = {
			isa = XCSwiftPackageProductDependency;
			package = 07120DF1296EDF6E00ABF98F /* XCRemoteSwiftPackageReference "Alamofire" */;
			productName = Alamofire;
		};
		07120DF5296EDF7A00ABF98F /* SnapKit */ = {
			isa = XCSwiftPackageProductDependency;
			package = 07120DF4296EDF7A00ABF98F /* XCRemoteSwiftPackageReference "SnapKit" */;
			productName = SnapKit;
		};
/* End XCSwiftPackageProductDependency section */
	};
	rootObject = 071E0535296BB7B50020282F /* Project object */;
}
