// !$*UTF8*$!
{
	archiveVersion = 1;
	classes = {
	};
	objectVersion = 56;
	objects = {

/* Begin PBXBuildFile section */
		07120DF3296EDF6E00ABF98F /* Alamofire in Frameworks */ = {isa = PBXBuildFile; productRef = 07120DF2296EDF6E00ABF98F /* Alamofire */; };
		07120DF6296EDF7A00ABF98F /* SnapKit in Frameworks */ = {isa = PBXBuildFile; productRef = 07120DF5296EDF7A00ABF98F /* SnapKit */; };
		071E0541296BB7B50020282F /* AppDelegate.swift in Sources */ = {isa = PBXBuildFile; fileRef = 071E0540296BB7B50020282F /* AppDelegate.swift */; };
		071E0543296BB7B50020282F /* SceneDelegate.swift in Sources */ = {isa = PBXBuildFile; fileRef = 071E0542296BB7B50020282F /* SceneDelegate.swift */; };
		071E0545296BB7B50020282F /* ViewController.swift in Sources */ = {isa = PBXBuildFile; fileRef = 071E0544296BB7B50020282F /* ViewController.swift */; };
		071E054A296BB7B70020282F /* Assets.xcassets in Resources */ = {isa = PBXBuildFile; fileRef = 071E0549296BB7B70020282F /* Assets.xcassets */; };
		07557561296BFC5900B8AF77 /* MainTabController.swift in Sources */ = {isa = PBXBuildFile; fileRef = 07557560296BFC5900B8AF77 /* MainTabController.swift */; };
		F02807672979628100DDA7B1 /* ChartMarker.swift in Sources */ = {isa = PBXBuildFile; fileRef = F02807662979628100DDA7B1 /* ChartMarker.swift */; };
		F028076A297962AD00DDA7B1 /* Charts in Frameworks */ = {isa = PBXBuildFile; productRef = F0280769297962AD00DDA7B1 /* Charts */; };
		F028076C297962BF00DDA7B1 /* StockDateSegmentControl.swift in Sources */ = {isa = PBXBuildFile; fileRef = F028076B297962BF00DDA7B1 /* StockDateSegmentControl.swift */; };
		F02EFA8B297F76CC00BA34B1 /* ResellPrice.swift in Sources */ = {isa = PBXBuildFile; fileRef = F02EFA8A297F76CC00BA34B1 /* ResellPrice.swift */; };
		F037E0602983936700C42A42 /* EstateDetailCell.swift in Sources */ = {isa = PBXBuildFile; fileRef = F037E05F2983936700C42A42 /* EstateDetailCell.swift */; };
		F045C16129756C0200E71129 /* LoginController.swift in Sources */ = {isa = PBXBuildFile; fileRef = F045C16029756C0200E71129 /* LoginController.swift */; };
		F045C16329756C0F00E71129 /* RegisterationController.swift in Sources */ = {isa = PBXBuildFile; fileRef = F045C16229756C0F00E71129 /* RegisterationController.swift */; };
		F045C16929756C6B00E71129 /* LaunchScreen.storyboard in Resources */ = {isa = PBXBuildFile; fileRef = F045C16829756C6B00E71129 /* LaunchScreen.storyboard */; };
		F047B2D12970515700810AB4 /* SellAssetView.swift in Sources */ = {isa = PBXBuildFile; fileRef = F047B2D02970515700810AB4 /* SellAssetView.swift */; };
		F047B2D62970912600810AB4 /* UnderlineSegmentedControl.swift in Sources */ = {isa = PBXBuildFile; fileRef = F047B2D52970912600810AB4 /* UnderlineSegmentedControl.swift */; };
		F047B2D82970955100810AB4 /* asset.swift in Sources */ = {isa = PBXBuildFile; fileRef = F047B2D72970955100810AB4 /* asset.swift */; };
		F047B2DA297154C400810AB4 /* UnderlineView.swift in Sources */ = {isa = PBXBuildFile; fileRef = F047B2D9297154C400810AB4 /* UnderlineView.swift */; };
		F047B2DC2971B5AC00810AB4 /* HomeTableCell.swift in Sources */ = {isa = PBXBuildFile; fileRef = F047B2DB2971B5AC00810AB4 /* HomeTableCell.swift */; };
		F047B2DE2972E06100810AB4 /* AssetModel.swift in Sources */ = {isa = PBXBuildFile; fileRef = F047B2DD2972E06100810AB4 /* AssetModel.swift */; };
		F049AEEB2988AD3500BBC8AA /* StockChartViewController.swift in Sources */ = {isa = PBXBuildFile; fileRef = F049AEEA2988AD3500BBC8AA /* StockChartViewController.swift */; };
		F04A11F3297D00860074C0ED /* realEstates.swift in Sources */ = {isa = PBXBuildFile; fileRef = F04A11F2297D00860074C0ED /* realEstates.swift */; };
		F04A11F5297D01600074C0ED /* EstatePriceModel.swift in Sources */ = {isa = PBXBuildFile; fileRef = F04A11F4297D01600074C0ED /* EstatePriceModel.swift */; };
		F04A11F7297D1DA10074C0ED /* ChartViewController.swift in Sources */ = {isa = PBXBuildFile; fileRef = F04A11F6297D1DA10074C0ED /* ChartViewController.swift */; };
		F04A11F9297D50E20074C0ED /* StockView.swift in Sources */ = {isa = PBXBuildFile; fileRef = F04A11F8297D50E20074C0ED /* StockView.swift */; };
		F04A1201297E65AF0074C0ED /* TableCellModel.swift in Sources */ = {isa = PBXBuildFile; fileRef = F04A1200297E65AF0074C0ED /* TableCellModel.swift */; };
		F04A1204297E7D350074C0ED /* Kingfisher in Frameworks */ = {isa = PBXBuildFile; productRef = F04A1203297E7D350074C0ED /* Kingfisher */; };
		F04A1207297EC46C0074C0ED /* resellView.swift in Sources */ = {isa = PBXBuildFile; fileRef = F04A1206297EC46C0074C0ED /* resellView.swift */; };
		F09CA69A297AFB870017E2A6 /* StockPrice.swift in Sources */ = {isa = PBXBuildFile; fileRef = F09CA699297AFB870017E2A6 /* StockPrice.swift */; };
		F09CA69C297AFCE60017E2A6 /* StockPriceModel.swift in Sources */ = {isa = PBXBuildFile; fileRef = F09CA69B297AFCE60017E2A6 /* StockPriceModel.swift */; };
		F0C7CBAF296EF260007C8BCE /* HomeViewController.swift in Sources */ = {isa = PBXBuildFile; fileRef = F0C7CBAE296EF260007C8BCE /* HomeViewController.swift */; };
		F0C7CBB1296EF269007C8BCE /* ExploreViewController.swift in Sources */ = {isa = PBXBuildFile; fileRef = F0C7CBB0296EF269007C8BCE /* ExploreViewController.swift */; };
/* End PBXBuildFile section */

/* Begin PBXFileReference section */
		071E053D296BB7B50020282F /* LGHTSG.app */ = {isa = PBXFileReference; explicitFileType = wrapper.application; includeInIndex = 0; path = LGHTSG.app; sourceTree = BUILT_PRODUCTS_DIR; };
		071E0540296BB7B50020282F /* AppDelegate.swift */ = {isa = PBXFileReference; lastKnownFileType = sourcecode.swift; path = AppDelegate.swift; sourceTree = "<group>"; };
		071E0542296BB7B50020282F /* SceneDelegate.swift */ = {isa = PBXFileReference; lastKnownFileType = sourcecode.swift; path = SceneDelegate.swift; sourceTree = "<group>"; };
		071E0544296BB7B50020282F /* ViewController.swift */ = {isa = PBXFileReference; lastKnownFileType = sourcecode.swift; path = ViewController.swift; sourceTree = "<group>"; };
		071E0549296BB7B70020282F /* Assets.xcassets */ = {isa = PBXFileReference; lastKnownFileType = folder.assetcatalog; path = Assets.xcassets; sourceTree = "<group>"; };
		071E054E296BB7B70020282F /* Info.plist */ = {isa = PBXFileReference; lastKnownFileType = text.plist.xml; path = Info.plist; sourceTree = "<group>"; };
		07557560296BFC5900B8AF77 /* MainTabController.swift */ = {isa = PBXFileReference; lastKnownFileType = sourcecode.swift; path = MainTabController.swift; sourceTree = "<group>"; };
		F02807662979628100DDA7B1 /* ChartMarker.swift */ = {isa = PBXFileReference; fileEncoding = 4; lastKnownFileType = sourcecode.swift; path = ChartMarker.swift; sourceTree = "<group>"; };
		F028076B297962BF00DDA7B1 /* StockDateSegmentControl.swift */ = {isa = PBXFileReference; fileEncoding = 4; lastKnownFileType = sourcecode.swift; path = StockDateSegmentControl.swift; sourceTree = "<group>"; };
		F02EFA8A297F76CC00BA34B1 /* ResellPrice.swift */ = {isa = PBXFileReference; lastKnownFileType = sourcecode.swift; path = ResellPrice.swift; sourceTree = "<group>"; };
		F037E05F2983936700C42A42 /* EstateDetailCell.swift */ = {isa = PBXFileReference; lastKnownFileType = sourcecode.swift; path = EstateDetailCell.swift; sourceTree = "<group>"; };
		F045C16029756C0200E71129 /* LoginController.swift */ = {isa = PBXFileReference; fileEncoding = 4; lastKnownFileType = sourcecode.swift; path = LoginController.swift; sourceTree = "<group>"; };
		F045C16229756C0F00E71129 /* RegisterationController.swift */ = {isa = PBXFileReference; fileEncoding = 4; lastKnownFileType = sourcecode.swift; path = RegisterationController.swift; sourceTree = "<group>"; };
		F045C16829756C6B00E71129 /* LaunchScreen.storyboard */ = {isa = PBXFileReference; fileEncoding = 4; lastKnownFileType = file.storyboard; path = LaunchScreen.storyboard; sourceTree = "<group>"; };
		F047B2D02970515700810AB4 /* SellAssetView.swift */ = {isa = PBXFileReference; lastKnownFileType = sourcecode.swift; path = SellAssetView.swift; sourceTree = "<group>"; };
		F047B2D52970912600810AB4 /* UnderlineSegmentedControl.swift */ = {isa = PBXFileReference; lastKnownFileType = sourcecode.swift; path = UnderlineSegmentedControl.swift; sourceTree = "<group>"; };
		F047B2D72970955100810AB4 /* asset.swift */ = {isa = PBXFileReference; lastKnownFileType = sourcecode.swift; name = asset.swift; path = LGHTSG/View/Home/asset.swift; sourceTree = SOURCE_ROOT; };
		F047B2D9297154C400810AB4 /* UnderlineView.swift */ = {isa = PBXFileReference; lastKnownFileType = sourcecode.swift; path = UnderlineView.swift; sourceTree = "<group>"; };
		F047B2DB2971B5AC00810AB4 /* HomeTableCell.swift */ = {isa = PBXFileReference; lastKnownFileType = sourcecode.swift; path = HomeTableCell.swift; sourceTree = "<group>"; };
		F047B2DD2972E06100810AB4 /* AssetModel.swift */ = {isa = PBXFileReference; lastKnownFileType = sourcecode.swift; name = AssetModel.swift; path = LGHTSG/View/Home/AssetModel.swift; sourceTree = SOURCE_ROOT; };
		F049AEEA2988AD3500BBC8AA /* StockChartViewController.swift */ = {isa = PBXFileReference; lastKnownFileType = sourcecode.swift; path = StockChartViewController.swift; sourceTree = "<group>"; };
		F04A11F2297D00860074C0ED /* realEstates.swift */ = {isa = PBXFileReference; lastKnownFileType = sourcecode.swift; path = realEstates.swift; sourceTree = "<group>"; };
		F04A11F4297D01600074C0ED /* EstatePriceModel.swift */ = {isa = PBXFileReference; lastKnownFileType = sourcecode.swift; name = EstatePriceModel.swift; path = LGHTSG/Model/EstatePriceModel.swift; sourceTree = SOURCE_ROOT; };
		F04A11F6297D1DA10074C0ED /* ChartViewController.swift */ = {isa = PBXFileReference; lastKnownFileType = sourcecode.swift; path = ChartViewController.swift; sourceTree = "<group>"; };
		F04A11F8297D50E20074C0ED /* StockView.swift */ = {isa = PBXFileReference; lastKnownFileType = sourcecode.swift; path = StockView.swift; sourceTree = "<group>"; };
		F04A1200297E65AF0074C0ED /* TableCellModel.swift */ = {isa = PBXFileReference; lastKnownFileType = sourcecode.swift; path = TableCellModel.swift; sourceTree = SOURCE_ROOT; };
		F04A1206297EC46C0074C0ED /* resellView.swift */ = {isa = PBXFileReference; lastKnownFileType = sourcecode.swift; path = resellView.swift; sourceTree = "<group>"; };
		F09CA699297AFB870017E2A6 /* StockPrice.swift */ = {isa = PBXFileReference; fileEncoding = 4; lastKnownFileType = sourcecode.swift; path = StockPrice.swift; sourceTree = "<group>"; };
		F09CA69B297AFCE60017E2A6 /* StockPriceModel.swift */ = {isa = PBXFileReference; lastKnownFileType = sourcecode.swift; path = StockPriceModel.swift; sourceTree = SOURCE_ROOT; };
		F0C7CBAE296EF260007C8BCE /* HomeViewController.swift */ = {isa = PBXFileReference; lastKnownFileType = sourcecode.swift; path = HomeViewController.swift; sourceTree = "<group>"; };
		F0C7CBB0296EF269007C8BCE /* ExploreViewController.swift */ = {isa = PBXFileReference; lastKnownFileType = sourcecode.swift; path = ExploreViewController.swift; sourceTree = "<group>"; };
/* End PBXFileReference section */

/* Begin PBXFrameworksBuildPhase section */
		071E053A296BB7B50020282F /* Frameworks */ = {
			isa = PBXFrameworksBuildPhase;
			buildActionMask = 2147483647;
			files = (
				F04A1204297E7D350074C0ED /* Kingfisher in Frameworks */,
				07120DF3296EDF6E00ABF98F /* Alamofire in Frameworks */,
				F028076A297962AD00DDA7B1 /* Charts in Frameworks */,
				07120DF6296EDF7A00ABF98F /* SnapKit in Frameworks */,
			);
			runOnlyForDeploymentPostprocessing = 0;
		};
/* End PBXFrameworksBuildPhase section */

/* Begin PBXGroup section */
		071E0534296BB7B50020282F = {
			isa = PBXGroup;
			children = (
				071E053F296BB7B50020282F /* LGHTSG */,
				071E053E296BB7B50020282F /* Products */,
			);
			sourceTree = "<group>";
		};
		071E053E296BB7B50020282F /* Products */ = {
			isa = PBXGroup;
			children = (
				071E053D296BB7B50020282F /* LGHTSG.app */,
			);
			name = Products;
			sourceTree = "<group>";
		};
		071E053F296BB7B50020282F /* LGHTSG */ = {
			isa = PBXGroup;
			children = (
				071E0554296BB8210020282F /* Model */,
				071E0558296BB8510020282F /* View */,
				071E0556296BB8380020282F /* ViewModel */,
				071E055A296BB88B0020282F /* Controller */,
				071E0557296BB83F0020282F /* Network */,
				071E0555296BB82F0020282F /* App */,
				071E0544296BB7B50020282F /* ViewController.swift */,
				071E0549296BB7B70020282F /* Assets.xcassets */,
				F045C16829756C6B00E71129 /* LaunchScreen.storyboard */,
				071E054E296BB7B70020282F /* Info.plist */,
				071E0559296BB86E0020282F /* Font */,
			);
			path = LGHTSG;
			sourceTree = "<group>";
		};
		071E0554296BB8210020282F /* Model */ = {
			isa = PBXGroup;
			children = (
				F047B2D72970955100810AB4 /* asset.swift */,
				F09CA699297AFB870017E2A6 /* StockPrice.swift */,
				F02EFA8A297F76CC00BA34B1 /* ResellPrice.swift */,
				F04A11F2297D00860074C0ED /* realEstates.swift */,
			);
			path = Model;
			sourceTree = "<group>";
		};
		071E0555296BB82F0020282F /* App */ = {
			isa = PBXGroup;
			children = (
				071E0540296BB7B50020282F /* AppDelegate.swift */,
				071E0542296BB7B50020282F /* SceneDelegate.swift */,
			);
			path = App;
			sourceTree = "<group>";
		};
		071E0556296BB8380020282F /* ViewModel */ = {
			isa = PBXGroup;
			children = (
				F04A1200297E65AF0074C0ED /* TableCellModel.swift */,
				F047B2DD2972E06100810AB4 /* AssetModel.swift */,
				F09CA69B297AFCE60017E2A6 /* StockPriceModel.swift */,
				F04A11F4297D01600074C0ED /* EstatePriceModel.swift */,
			);
			path = ViewModel;
			sourceTree = "<group>";
		};
		071E0557296BB83F0020282F /* Network */ = {
			isa = PBXGroup;
			children = (
			);
			path = Network;
			sourceTree = "<group>";
		};
		071E0558296BB8510020282F /* View */ = {
			isa = PBXGroup;
			children = (
				F047B2D02970515700810AB4 /* SellAssetView.swift */,
				F04A1205297EC4590074C0ED /* Explore */,
				F047B2D229705CCA00810AB4 /* Home */,
			);
			path = View;
			sourceTree = "<group>";
		};
		071E0559296BB86E0020282F /* Font */ = {
			isa = PBXGroup;
			children = (
			);
			path = Font;
			sourceTree = "<group>";
		};
		071E055A296BB88B0020282F /* Controller */ = {
			isa = PBXGroup;
			children = (
				0755755A296BFC2100B8AF77 /* Authentication */,
				07557560296BFC5900B8AF77 /* MainTabController.swift */,
				F0C7CBAE296EF260007C8BCE /* HomeViewController.swift */,
				F0C7CBB0296EF269007C8BCE /* ExploreViewController.swift */,
				F049AEEA2988AD3500BBC8AA /* StockChartViewController.swift */,
				F04A11F6297D1DA10074C0ED /* ChartViewController.swift */,
			);
			path = Controller;
			sourceTree = "<group>";
		};
		0755755A296BFC2100B8AF77 /* Authentication */ = {
			isa = PBXGroup;
			children = (
				F045C16029756C0200E71129 /* LoginController.swift */,
				F045C16229756C0F00E71129 /* RegisterationController.swift */,
			);
			path = Authentication;
			sourceTree = "<group>";
		};
		F047B2D229705CCA00810AB4 /* Home */ = {
			isa = PBXGroup;
			children = (
				F047B2D9297154C400810AB4 /* UnderlineView.swift */,
				F047B2DB2971B5AC00810AB4 /* HomeTableCell.swift */,
				F047B2D52970912600810AB4 /* UnderlineSegmentedControl.swift */,
				F02807662979628100DDA7B1 /* ChartMarker.swift */,
				F028076B297962BF00DDA7B1 /* StockDateSegmentControl.swift */,
			);
			path = Home;
			sourceTree = "<group>";
		};
		F04A1205297EC4590074C0ED /* Explore */ = {
			isa = PBXGroup;
			children = (
				F04A11F8297D50E20074C0ED /* StockView.swift */,
				F04A1206297EC46C0074C0ED /* resellView.swift */,
				F037E05F2983936700C42A42 /* EstateDetailCell.swift */,
			);
			path = Explore;
			sourceTree = "<group>";
		};
/* End PBXGroup section */

/* Begin PBXNativeTarget section */
		071E053C296BB7B50020282F /* LGHTSG */ = {
			isa = PBXNativeTarget;
			buildConfigurationList = 071E0551296BB7B70020282F /* Build configuration list for PBXNativeTarget "LGHTSG" */;
			buildPhases = (
				071E0539296BB7B50020282F /* Sources */,
				071E053A296BB7B50020282F /* Frameworks */,
				071E053B296BB7B50020282F /* Resources */,
			);
			buildRules = (
			);
			dependencies = (
			);
			name = LGHTSG;
			packageProductDependencies = (
				07120DF2296EDF6E00ABF98F /* Alamofire */,
				07120DF5296EDF7A00ABF98F /* SnapKit */,
				F0280769297962AD00DDA7B1 /* Charts */,
				F04A1203297E7D350074C0ED /* Kingfisher */,
			);
			productName = LGHTSG;
			productReference = 071E053D296BB7B50020282F /* LGHTSG.app */;
			productType = "com.apple.product-type.application";
		};
/* End PBXNativeTarget section */

/* Begin PBXProject section */
		071E0535296BB7B50020282F /* Project object */ = {
			isa = PBXProject;
			attributes = {
				BuildIndependentTargetsInParallel = 1;
				LastSwiftUpdateCheck = 1400;
				LastUpgradeCheck = 1400;
				TargetAttributes = {
					071E053C296BB7B50020282F = {
						CreatedOnToolsVersion = 14.0.1;
					};
				};
			};
			buildConfigurationList = 071E0538296BB7B50020282F /* Build configuration list for PBXProject "LGHTSG" */;
			compatibilityVersion = "Xcode 14.0";
			developmentRegion = en;
			hasScannedForEncodings = 0;
			knownRegions = (
				en,
				Base,
			);
			mainGroup = 071E0534296BB7B50020282F;
			packageReferences = (
				07120DF1296EDF6E00ABF98F /* XCRemoteSwiftPackageReference "Alamofire" */,
				07120DF4296EDF7A00ABF98F /* XCRemoteSwiftPackageReference "SnapKit" */,
				F0280768297962AD00DDA7B1 /* XCRemoteSwiftPackageReference "Charts" */,
				F04A1202297E7D350074C0ED /* XCRemoteSwiftPackageReference "Kingfisher" */,
			);
			productRefGroup = 071E053E296BB7B50020282F /* Products */;
			projectDirPath = "";
			projectRoot = "";
			targets = (
				071E053C296BB7B50020282F /* LGHTSG */,
			);
		};
/* End PBXProject section */

/* Begin PBXResourcesBuildPhase section */
		071E053B296BB7B50020282F /* Resources */ = {
			isa = PBXResourcesBuildPhase;
			buildActionMask = 2147483647;
			files = (
				F045C16929756C6B00E71129 /* LaunchScreen.storyboard in Resources */,
				071E054A296BB7B70020282F /* Assets.xcassets in Resources */,
			);
			runOnlyForDeploymentPostprocessing = 0;
		};
/* End PBXResourcesBuildPhase section */

/* Begin PBXSourcesBuildPhase section */
		071E0539296BB7B50020282F /* Sources */ = {
			isa = PBXSourcesBuildPhase;
			buildActionMask = 2147483647;
			files = (
				F02807672979628100DDA7B1 /* ChartMarker.swift in Sources */,
				F028076C297962BF00DDA7B1 /* StockDateSegmentControl.swift in Sources */,
				071E0545296BB7B50020282F /* ViewController.swift in Sources */,
				F0C7CBB1296EF269007C8BCE /* ExploreViewController.swift in Sources */,
				F04A11F3297D00860074C0ED /* realEstates.swift in Sources */,
				F047B2D82970955100810AB4 /* asset.swift in Sources */,
				07557561296BFC5900B8AF77 /* MainTabController.swift in Sources */,
				F047B2D12970515700810AB4 /* SellAssetView.swift in Sources */,
				F04A11F9297D50E20074C0ED /* StockView.swift in Sources */,
				F047B2DA297154C400810AB4 /* UnderlineView.swift in Sources */,
				F04A1201297E65AF0074C0ED /* TableCellModel.swift in Sources */,
				F02EFA8B297F76CC00BA34B1 /* ResellPrice.swift in Sources */,
				F047B2DC2971B5AC00810AB4 /* HomeTableCell.swift in Sources */,
				071E0541296BB7B50020282F /* AppDelegate.swift in Sources */,
				F037E0602983936700C42A42 /* EstateDetailCell.swift in Sources */,
				F04A1207297EC46C0074C0ED /* resellView.swift in Sources */,
				F049AEEB2988AD3500BBC8AA /* StockChartViewController.swift in Sources */,
				F0C7CBAF296EF260007C8BCE /* HomeViewController.swift in Sources */,
				071E0543296BB7B50020282F /* SceneDelegate.swift in Sources */,
				F047B2D62970912600810AB4 /* UnderlineSegmentedControl.swift in Sources */,
				F04A11F5297D01600074C0ED /* EstatePriceModel.swift in Sources */,
				F045C16329756C0F00E71129 /* RegisterationController.swift in Sources */,
				F09CA69A297AFB870017E2A6 /* StockPrice.swift in Sources */,
				F045C16129756C0200E71129 /* LoginController.swift in Sources */,
				F09CA69C297AFCE60017E2A6 /* StockPriceModel.swift in Sources */,
				F047B2DE2972E06100810AB4 /* AssetModel.swift in Sources */,
				F04A11F7297D1DA10074C0ED /* ChartViewController.swift in Sources */,
			);
			runOnlyForDeploymentPostprocessing = 0;
		};
/* End PBXSourcesBuildPhase section */

/* Begin XCBuildConfiguration section */
		071E054F296BB7B70020282F /* Debug */ = {
			isa = XCBuildConfiguration;
			buildSettings = {
				ALWAYS_SEARCH_USER_PATHS = NO;
				CLANG_ANALYZER_NONNULL = YES;
				CLANG_ANALYZER_NUMBER_OBJECT_CONVERSION = YES_AGGRESSIVE;
				CLANG_CXX_LANGUAGE_STANDARD = "gnu++20";
				CLANG_ENABLE_MODULES = YES;
				CLANG_ENABLE_OBJC_ARC = YES;
				CLANG_ENABLE_OBJC_WEAK = YES;
				CLANG_WARN_BLOCK_CAPTURE_AUTORELEASING = YES;
				CLANG_WARN_BOOL_CONVERSION = YES;
				CLANG_WARN_COMMA = YES;
				CLANG_WARN_CONSTANT_CONVERSION = YES;
				CLANG_WARN_DEPRECATED_OBJC_IMPLEMENTATIONS = YES;
				CLANG_WARN_DIRECT_OBJC_ISA_USAGE = YES_ERROR;
				CLANG_WARN_DOCUMENTATION_COMMENTS = YES;
				CLANG_WARN_EMPTY_BODY = YES;
				CLANG_WARN_ENUM_CONVERSION = YES;
				CLANG_WARN_INFINITE_RECURSION = YES;
				CLANG_WARN_INT_CONVERSION = YES;
				CLANG_WARN_NON_LITERAL_NULL_CONVERSION = YES;
				CLANG_WARN_OBJC_IMPLICIT_RETAIN_SELF = YES;
				CLANG_WARN_OBJC_LITERAL_CONVERSION = YES;
				CLANG_WARN_OBJC_ROOT_CLASS = YES_ERROR;
				CLANG_WARN_QUOTED_INCLUDE_IN_FRAMEWORK_HEADER = YES;
				CLANG_WARN_RANGE_LOOP_ANALYSIS = YES;
				CLANG_WARN_STRICT_PROTOTYPES = YES;
				CLANG_WARN_SUSPICIOUS_MOVE = YES;
				CLANG_WARN_UNGUARDED_AVAILABILITY = YES_AGGRESSIVE;
				CLANG_WARN_UNREACHABLE_CODE = YES;
				CLANG_WARN__DUPLICATE_METHOD_MATCH = YES;
				COPY_PHASE_STRIP = NO;
				DEBUG_INFORMATION_FORMAT = dwarf;
				ENABLE_STRICT_OBJC_MSGSEND = YES;
				ENABLE_TESTABILITY = YES;
				GCC_C_LANGUAGE_STANDARD = gnu11;
				GCC_DYNAMIC_NO_PIC = NO;
				GCC_NO_COMMON_BLOCKS = YES;
				GCC_OPTIMIZATION_LEVEL = 0;
				GCC_PREPROCESSOR_DEFINITIONS = (
					"DEBUG=1",
					"$(inherited)",
				);
				GCC_WARN_64_TO_32_BIT_CONVERSION = YES;
				GCC_WARN_ABOUT_RETURN_TYPE = YES_ERROR;
				GCC_WARN_UNDECLARED_SELECTOR = YES;
				GCC_WARN_UNINITIALIZED_AUTOS = YES_AGGRESSIVE;
				GCC_WARN_UNUSED_FUNCTION = YES;
				GCC_WARN_UNUSED_VARIABLE = YES;
				IPHONEOS_DEPLOYMENT_TARGET = 15.0;
				MTL_ENABLE_DEBUG_INFO = INCLUDE_SOURCE;
				MTL_FAST_MATH = YES;
				ONLY_ACTIVE_ARCH = YES;
				SDKROOT = iphoneos;
				SWIFT_ACTIVE_COMPILATION_CONDITIONS = DEBUG;
				SWIFT_OPTIMIZATION_LEVEL = "-Onone";
			};
			name = Debug;
		};
		071E0550296BB7B70020282F /* Release */ = {
			isa = XCBuildConfiguration;
			buildSettings = {
				ALWAYS_SEARCH_USER_PATHS = NO;
				CLANG_ANALYZER_NONNULL = YES;
				CLANG_ANALYZER_NUMBER_OBJECT_CONVERSION = YES_AGGRESSIVE;
				CLANG_CXX_LANGUAGE_STANDARD = "gnu++20";
				CLANG_ENABLE_MODULES = YES;
				CLANG_ENABLE_OBJC_ARC = YES;
				CLANG_ENABLE_OBJC_WEAK = YES;
				CLANG_WARN_BLOCK_CAPTURE_AUTORELEASING = YES;
				CLANG_WARN_BOOL_CONVERSION = YES;
				CLANG_WARN_COMMA = YES;
				CLANG_WARN_CONSTANT_CONVERSION = YES;
				CLANG_WARN_DEPRECATED_OBJC_IMPLEMENTATIONS = YES;
				CLANG_WARN_DIRECT_OBJC_ISA_USAGE = YES_ERROR;
				CLANG_WARN_DOCUMENTATION_COMMENTS = YES;
				CLANG_WARN_EMPTY_BODY = YES;
				CLANG_WARN_ENUM_CONVERSION = YES;
				CLANG_WARN_INFINITE_RECURSION = YES;
				CLANG_WARN_INT_CONVERSION = YES;
				CLANG_WARN_NON_LITERAL_NULL_CONVERSION = YES;
				CLANG_WARN_OBJC_IMPLICIT_RETAIN_SELF = YES;
				CLANG_WARN_OBJC_LITERAL_CONVERSION = YES;
				CLANG_WARN_OBJC_ROOT_CLASS = YES_ERROR;
				CLANG_WARN_QUOTED_INCLUDE_IN_FRAMEWORK_HEADER = YES;
				CLANG_WARN_RANGE_LOOP_ANALYSIS = YES;
				CLANG_WARN_STRICT_PROTOTYPES = YES;
				CLANG_WARN_SUSPICIOUS_MOVE = YES;
				CLANG_WARN_UNGUARDED_AVAILABILITY = YES_AGGRESSIVE;
				CLANG_WARN_UNREACHABLE_CODE = YES;
				CLANG_WARN__DUPLICATE_METHOD_MATCH = YES;
				COPY_PHASE_STRIP = NO;
				DEBUG_INFORMATION_FORMAT = "dwarf-with-dsym";
				ENABLE_NS_ASSERTIONS = NO;
				ENABLE_STRICT_OBJC_MSGSEND = YES;
				GCC_C_LANGUAGE_STANDARD = gnu11;
				GCC_NO_COMMON_BLOCKS = YES;
				GCC_WARN_64_TO_32_BIT_CONVERSION = YES;
				GCC_WARN_ABOUT_RETURN_TYPE = YES_ERROR;
				GCC_WARN_UNDECLARED_SELECTOR = YES;
				GCC_WARN_UNINITIALIZED_AUTOS = YES_AGGRESSIVE;
				GCC_WARN_UNUSED_FUNCTION = YES;
				GCC_WARN_UNUSED_VARIABLE = YES;
				IPHONEOS_DEPLOYMENT_TARGET = 15.0;
				MTL_ENABLE_DEBUG_INFO = NO;
				MTL_FAST_MATH = YES;
				SDKROOT = iphoneos;
				SWIFT_COMPILATION_MODE = wholemodule;
				SWIFT_OPTIMIZATION_LEVEL = "-O";
				VALIDATE_PRODUCT = YES;
			};
			name = Release;
		};
		071E0552296BB7B70020282F /* Debug */ = {
			isa = XCBuildConfiguration;
			buildSettings = {
				ASSETCATALOG_COMPILER_APPICON_NAME = AppIcon;
				ASSETCATALOG_COMPILER_GLOBAL_ACCENT_COLOR_NAME = AccentColor;
				CODE_SIGN_STYLE = Automatic;
				CURRENT_PROJECT_VERSION = 1;
				DEVELOPMENT_TEAM = NG2NLR2Z86;
				GENERATE_INFOPLIST_FILE = YES;
				INFOPLIST_FILE = LGHTSG/Info.plist;
				INFOPLIST_KEY_UIApplicationSupportsIndirectInputEvents = YES;
				INFOPLIST_KEY_UILaunchStoryboardName = LaunchScreen;
				INFOPLIST_KEY_UISupportedInterfaceOrientations_iPad = "UIInterfaceOrientationPortrait UIInterfaceOrientationPortraitUpsideDown UIInterfaceOrientationLandscapeLeft UIInterfaceOrientationLandscapeRight";
				INFOPLIST_KEY_UISupportedInterfaceOrientations_iPhone = "UIInterfaceOrientationPortrait UIInterfaceOrientationLandscapeLeft UIInterfaceOrientationLandscapeRight";
				IPHONEOS_DEPLOYMENT_TARGET = 15.0;
				LD_RUNPATH_SEARCH_PATHS = (
					"$(inherited)",
					"@executable_path/Frameworks",
				);
				MARKETING_VERSION = 1.0;
				PRODUCT_BUNDLE_IDENTIFIER = com.Hha.LGHTSG;
				PRODUCT_NAME = "$(TARGET_NAME)";
				SWIFT_EMIT_LOC_STRINGS = YES;
				SWIFT_VERSION = 5.0;
				TARGETED_DEVICE_FAMILY = "1,2";
			};
			name = Debug;
		};
		071E0553296BB7B70020282F /* Release */ = {
			isa = XCBuildConfiguration;
			buildSettings = {
				ASSETCATALOG_COMPILER_APPICON_NAME = AppIcon;
				ASSETCATALOG_COMPILER_GLOBAL_ACCENT_COLOR_NAME = AccentColor;
				CODE_SIGN_STYLE = Automatic;
				CURRENT_PROJECT_VERSION = 1;
				DEVELOPMENT_TEAM = NG2NLR2Z86;
				GENERATE_INFOPLIST_FILE = YES;
				INFOPLIST_FILE = LGHTSG/Info.plist;
				INFOPLIST_KEY_UIApplicationSupportsIndirectInputEvents = YES;
				INFOPLIST_KEY_UILaunchStoryboardName = LaunchScreen;
				INFOPLIST_KEY_UISupportedInterfaceOrientations_iPad = "UIInterfaceOrientationPortrait UIInterfaceOrientationPortraitUpsideDown UIInterfaceOrientationLandscapeLeft UIInterfaceOrientationLandscapeRight";
				INFOPLIST_KEY_UISupportedInterfaceOrientations_iPhone = "UIInterfaceOrientationPortrait UIInterfaceOrientationLandscapeLeft UIInterfaceOrientationLandscapeRight";
				IPHONEOS_DEPLOYMENT_TARGET = 15.0;
				LD_RUNPATH_SEARCH_PATHS = (
					"$(inherited)",
					"@executable_path/Frameworks",
				);
				MARKETING_VERSION = 1.0;
				PRODUCT_BUNDLE_IDENTIFIER = com.Ha.LGHTSG;
				PRODUCT_NAME = "$(TARGET_NAME)";
				SWIFT_EMIT_LOC_STRINGS = YES;
				SWIFT_VERSION = 5.0;
				TARGETED_DEVICE_FAMILY = "1,2";
			};
			name = Release;
		};
/* End XCBuildConfiguration section */

/* Begin XCConfigurationList section */
		071E0538296BB7B50020282F /* Build configuration list for PBXProject "LGHTSG" */ = {
			isa = XCConfigurationList;
			buildConfigurations = (
				071E054F296BB7B70020282F /* Debug */,
				071E0550296BB7B70020282F /* Release */,
			);
			defaultConfigurationIsVisible = 0;
			defaultConfigurationName = Release;
		};
		071E0551296BB7B70020282F /* Build configuration list for PBXNativeTarget "LGHTSG" */ = {
			isa = XCConfigurationList;
			buildConfigurations = (
				071E0552296BB7B70020282F /* Debug */,
				071E0553296BB7B70020282F /* Release */,
			);
			defaultConfigurationIsVisible = 0;
			defaultConfigurationName = Release;
		};
/* End XCConfigurationList section */

/* Begin XCRemoteSwiftPackageReference section */
		07120DF1296EDF6E00ABF98F /* XCRemoteSwiftPackageReference "Alamofire" */ = {
			isa = XCRemoteSwiftPackageReference;
			repositoryURL = "https://github.com/Alamofire/Alamofire.git";
			requirement = {
				kind = upToNextMajorVersion;
				minimumVersion = 5.0.0;
			};
		};
		07120DF4296EDF7A00ABF98F /* XCRemoteSwiftPackageReference "SnapKit" */ = {
			isa = XCRemoteSwiftPackageReference;
			repositoryURL = "https://github.com/SnapKit/SnapKit.git";
			requirement = {
				branch = develop;
				kind = branch;
			};
		};
		F0280768297962AD00DDA7B1 /* XCRemoteSwiftPackageReference "Charts" */ = {
			isa = XCRemoteSwiftPackageReference;
			repositoryURL = "https://github.com/danielgindi/Charts.git";
			requirement = {
				kind = upToNextMajorVersion;
				minimumVersion = 4.0.0;
			};
		};
		F04A1202297E7D350074C0ED /* XCRemoteSwiftPackageReference "Kingfisher" */ = {
			isa = XCRemoteSwiftPackageReference;
			repositoryURL = "https://github.com/onevcat/Kingfisher.git";
			requirement = {
				branch = master;
				kind = branch;
			};
		};
/* End XCRemoteSwiftPackageReference section */

/* Begin XCSwiftPackageProductDependency section */
		07120DF2296EDF6E00ABF98F /* Alamofire */ = {
			isa = XCSwiftPackageProductDependency;
			package = 07120DF1296EDF6E00ABF98F /* XCRemoteSwiftPackageReference "Alamofire" */;
			productName = Alamofire;
		};
		07120DF5296EDF7A00ABF98F /* SnapKit */ = {
			isa = XCSwiftPackageProductDependency;
			package = 07120DF4296EDF7A00ABF98F /* XCRemoteSwiftPackageReference "SnapKit" */;
			productName = SnapKit;
		};
		F0280769297962AD00DDA7B1 /* Charts */ = {
			isa = XCSwiftPackageProductDependency;
			package = F0280768297962AD00DDA7B1 /* XCRemoteSwiftPackageReference "Charts" */;
			productName = Charts;
		};
		F04A1203297E7D350074C0ED /* Kingfisher */ = {
			isa = XCSwiftPackageProductDependency;
			package = F04A1202297E7D350074C0ED /* XCRemoteSwiftPackageReference "Kingfisher" */;
			productName = Kingfisher;
		};
/* End XCSwiftPackageProductDependency section */
	};
	rootObject = 071E0535296BB7B50020282F /* Project object */;
}
